<?xml version="1.0" encoding="utf-8"?>
<Project ToolsVersion="16.0" xmlns="http://schemas.microsoft.com/developer/msbuild/2003">
  <ItemGroup>
    <ClCompile Include="..\..\Foundation\src\ASCIIEncoding.cpp">
      <Filter>Text\Source Files</Filter>
    </ClCompile>
    <ClCompile Include="..\..\Foundation\src\AbstractObserver.cpp">
      <Filter>Notifications\Source Files</Filter>
    </ClCompile>
    <ClCompile Include="..\..\Foundation\src\ActiveDispatcher.cpp">
      <Filter>Threading\Source Files</Filter>
    </ClCompile>
    <ClCompile Include="..\..\Foundation\src\ArchiveStrategy.cpp">
      <Filter>Logging\Source Files</Filter>
    </ClCompile>
    <ClCompile Include="..\..\Foundation\src\Ascii.cpp">
      <Filter>Core\Source Files</Filter>
    </ClCompile>
    <ClCompile Include="..\..\Foundation\src\AsyncChannel.cpp">
      <Filter>Logging\Source Files</Filter>
    </ClCompile>
    <ClCompile Include="..\..\Foundation\src\AtomicCounter.cpp">
      <Filter>Core\Source Files</Filter>
    </ClCompile>
    <ClCompile Include="..\..\Foundation\src\AtomicFlag.cpp">
      <Filter>Core\Source Files</Filter>
    </ClCompile>
    <ClCompile Include="..\..\Foundation\src\Base32Decoder.cpp">
      <Filter>Streams\Source Files</Filter>
    </ClCompile>
    <ClCompile Include="..\..\Foundation\src\Base32Encoder.cpp">
      <Filter>Streams\Source Files</Filter>
    </ClCompile>
    <ClCompile Include="..\..\Foundation\src\Base64Decoder.cpp">
      <Filter>Streams\Source Files</Filter>
    </ClCompile>
    <ClCompile Include="..\..\Foundation\src\Base64Encoder.cpp">
      <Filter>Streams\Source Files</Filter>
    </ClCompile>
    <ClCompile Include="..\..\Foundation\src\BinaryReader.cpp">
      <Filter>Streams\Source Files</Filter>
    </ClCompile>
    <ClCompile Include="..\..\Foundation\src\BinaryWriter.cpp">
      <Filter>Streams\Source Files</Filter>
    </ClCompile>
    <ClCompile Include="..\..\Foundation\src\Bugcheck.cpp">
      <Filter>Core\Source Files</Filter>
    </ClCompile>
    <ClCompile Include="..\..\Foundation\src\ByteOrder.cpp">
      <Filter>Core\Source Files</Filter>
    </ClCompile>
    <ClCompile Include="..\..\Foundation\src\Channel.cpp">
      <Filter>Logging\Source Files</Filter>
    </ClCompile>
    <ClCompile Include="..\..\Foundation\src\Checksum.cpp">
      <Filter>Core\Source Files</Filter>
    </ClCompile>
    <ClCompile Include="..\..\Foundation\src\Clock.cpp">
      <Filter>DateTime\Source Files</Filter>
    </ClCompile>
    <ClCompile Include="..\..\Foundation\src\Condition.cpp">
      <Filter>Threading\Source Files</Filter>
    </ClCompile>
    <ClCompile Include="..\..\Foundation\src\Configurable.cpp">
      <Filter>Logging\Source Files</Filter>
    </ClCompile>
    <ClCompile Include="..\..\Foundation\src\ConsoleChannel.cpp">
      <Filter>Logging\Source Files</Filter>
    </ClCompile>
    <ClCompile Include="..\..\Foundation\src\CountingStream.cpp">
      <Filter>Streams\Source Files</Filter>
    </ClCompile>
    <ClCompile Include="..\..\Foundation\src\DataURIStream.cpp">
      <Filter>Streams\Source Files</Filter>
    </ClCompile>
    <ClCompile Include="..\..\Foundation\src\DataURIStreamFactory.cpp">
      <Filter>URI\Source Files</Filter>
    </ClCompile>
    <ClCompile Include="..\..\Foundation\src\DateTime.cpp">
      <Filter>DateTime\Source Files</Filter>
    </ClCompile>
    <ClCompile Include="..\..\Foundation\src\DateTimeFormat.cpp">
      <Filter>DateTime\Source Files</Filter>
    </ClCompile>
    <ClCompile Include="..\..\Foundation\src\DateTimeFormatter.cpp">
      <Filter>DateTime\Source Files</Filter>
    </ClCompile>
    <ClCompile Include="..\..\Foundation\src\DateTimeParser.cpp">
      <Filter>DateTime\Source Files</Filter>
    </ClCompile>
    <ClCompile Include="..\..\Foundation\src\Debugger.cpp">
      <Filter>Core\Source Files</Filter>
    </ClCompile>
    <ClCompile Include="..\..\Foundation\src\DeflatingStream.cpp">
      <Filter>Streams\Source Files</Filter>
    </ClCompile>
    <ClCompile Include="..\..\Foundation\src\DigestEngine.cpp">
      <Filter>Crypt\Source Files</Filter>
    </ClCompile>
    <ClCompile Include="..\..\Foundation\src\DigestStream.cpp">
      <Filter>Crypt\Source Files</Filter>
    </ClCompile>
    <ClCompile Include="..\..\Foundation\src\DirectoryIterator.cpp">
      <Filter>Filesystem\Source Files</Filter>
    </ClCompile>
    <ClCompile Include="..\..\Foundation\src\DirectoryIteratorStrategy.cpp">
      <Filter>Filesystem\Source Files</Filter>
    </ClCompile>
    <ClCompile Include="..\..\Foundation\src\DirectoryWatcher.cpp">
      <Filter>Filesystem\Source Files</Filter>
    </ClCompile>
    <ClCompile Include="..\..\Foundation\src\Environment.cpp">
      <Filter>Core\Source Files</Filter>
    </ClCompile>
    <ClCompile Include="..\..\Foundation\src\Error.cpp">
      <Filter>Core\Source Files</Filter>
    </ClCompile>
    <ClCompile Include="..\..\Foundation\src\ErrorHandler.cpp">
      <Filter>Threading\Source Files</Filter>
    </ClCompile>
    <ClCompile Include="..\..\Foundation\src\Event.cpp">
      <Filter>Threading\Source Files</Filter>
    </ClCompile>
    <ClCompile Include="..\..\Foundation\src\EventArgs.cpp">
      <Filter>Events\Source Files</Filter>
    </ClCompile>
    <ClCompile Include="..\..\Foundation\src\EventChannel.cpp">
      <Filter>Logging\Source Files</Filter>
    </ClCompile>
    <ClCompile Include="..\..\Foundation\src\EventLogChannel.cpp">
      <Filter>Logging\Source Files</Filter>
    </ClCompile>
    <ClCompile Include="..\..\Foundation\src\Exception.cpp">
      <Filter>Core\Source Files</Filter>
    </ClCompile>
    <ClCompile Include="..\..\Foundation\src\FIFOBufferStream.cpp">
      <Filter>Streams\Source Files</Filter>
    </ClCompile>
    <ClCompile Include="..\..\Foundation\src\FPEnvironment.cpp">
      <Filter>Core\Source Files</Filter>
    </ClCompile>
    <ClCompile Include="..\..\Foundation\src\File.cpp">
      <Filter>Filesystem\Source Files</Filter>
    </ClCompile>
    <ClCompile Include="..\..\Foundation\src\FileChannel.cpp">
      <Filter>Logging\Source Files</Filter>
    </ClCompile>
    <ClCompile Include="..\..\Foundation\src\FileStream.cpp">
      <Filter>Streams\Source Files</Filter>
    </ClCompile>
    <ClCompile Include="..\..\Foundation\src\FileStreamFactory.cpp">
      <Filter>URI\Source Files</Filter>
    </ClCompile>
    <ClCompile Include="..\..\Foundation\src\Format.cpp">
      <Filter>Core\Source Files</Filter>
    </ClCompile>
    <ClCompile Include="..\..\Foundation\src\Formatter.cpp">
      <Filter>Logging\Source Files</Filter>
    </ClCompile>
    <ClCompile Include="..\..\Foundation\src\FormattingChannel.cpp">
      <Filter>Logging\Source Files</Filter>
    </ClCompile>
    <ClCompile Include="..\..\Foundation\src\Glob.cpp">
      <Filter>Filesystem\Source Files</Filter>
    </ClCompile>
    <ClCompile Include="..\..\Foundation\src\Hash.cpp">
      <Filter>Hashing\Source Files</Filter>
    </ClCompile>
    <ClCompile Include="..\..\Foundation\src\HashStatistic.cpp">
      <Filter>Hashing\Source Files</Filter>
    </ClCompile>
    <ClCompile Include="..\..\Foundation\src\HexBinaryDecoder.cpp">
      <Filter>Streams\Source Files</Filter>
    </ClCompile>
    <ClCompile Include="..\..\Foundation\src\HexBinaryEncoder.cpp">
      <Filter>Streams\Source Files</Filter>
    </ClCompile>
    <ClCompile Include="..\..\Foundation\src\InflatingStream.cpp">
      <Filter>Streams\Source Files</Filter>
    </ClCompile>
    <ClCompile Include="..\..\Foundation\src\JSONString.cpp">
      <Filter>Core\Source Files</Filter>
    </ClCompile>
    <ClCompile Include="..\..\Foundation\src\Latin1Encoding.cpp">
      <Filter>Text\Source Files</Filter>
    </ClCompile>
    <ClCompile Include="..\..\Foundation\src\Latin2Encoding.cpp">
      <Filter>Text\Source Files</Filter>
    </ClCompile>
    <ClCompile Include="..\..\Foundation\src\Latin9Encoding.cpp">
      <Filter>Text\Source Files</Filter>
    </ClCompile>
    <ClCompile Include="..\..\Foundation\src\LineEndingConverter.cpp">
      <Filter>Streams\Source Files</Filter>
    </ClCompile>
    <ClCompile Include="..\..\Foundation\src\LocalDateTime.cpp">
      <Filter>DateTime\Source Files</Filter>
    </ClCompile>
    <ClCompile Include="..\..\Foundation\src\LogFile.cpp">
      <Filter>Logging\Source Files</Filter>
    </ClCompile>
    <ClCompile Include="..\..\Foundation\src\LogStream.cpp">
      <Filter>Logging\Source Files</Filter>
    </ClCompile>
    <ClCompile Include="..\..\Foundation\src\Logger.cpp">
      <Filter>Logging\Source Files</Filter>
    </ClCompile>
    <ClCompile Include="..\..\Foundation\src\LoggingFactory.cpp">
      <Filter>Logging\Source Files</Filter>
    </ClCompile>
    <ClCompile Include="..\..\Foundation\src\LoggingRegistry.cpp">
      <Filter>Logging\Source Files</Filter>
    </ClCompile>
    <ClCompile Include="..\..\Foundation\src\MD4Engine.cpp">
      <Filter>Crypt\Source Files</Filter>
    </ClCompile>
    <ClCompile Include="..\..\Foundation\src\MD5Engine.cpp">
      <Filter>Crypt\Source Files</Filter>
    </ClCompile>
    <ClCompile Include="..\..\Foundation\src\Manifest.cpp">
      <Filter>SharedLibrary\Source Files</Filter>
    </ClCompile>
    <ClCompile Include="..\..\Foundation\src\MemoryPool.cpp">
      <Filter>Core\Source Files</Filter>
    </ClCompile>
    <ClCompile Include="..\..\Foundation\src\MemoryStream.cpp">
      <Filter>Streams\Source Files</Filter>
    </ClCompile>
    <ClCompile Include="..\..\Foundation\src\Message.cpp">
      <Filter>Logging\Source Files</Filter>
    </ClCompile>
    <ClCompile Include="..\..\Foundation\src\Mutex.cpp">
      <Filter>Threading\Source Files</Filter>
    </ClCompile>
    <ClCompile Include="..\..\Foundation\src\NamedEvent.cpp">
      <Filter>Processes\Source Files</Filter>
    </ClCompile>
    <ClCompile Include="..\..\Foundation\src\NamedMutex.cpp">
      <Filter>Processes\Source Files</Filter>
    </ClCompile>
    <ClCompile Include="..\..\Foundation\src\NestedDiagnosticContext.cpp">
      <Filter>Core\Source Files</Filter>
    </ClCompile>
    <ClCompile Include="..\..\Foundation\src\Notification.cpp">
      <Filter>Notifications\Source Files</Filter>
    </ClCompile>
    <ClCompile Include="..\..\Foundation\src\NotificationCenter.cpp">
      <Filter>Notifications\Source Files</Filter>
    </ClCompile>
    <ClCompile Include="..\..\Foundation\src\NotificationQueue.cpp">
      <Filter>Notifications\Source Files</Filter>
    </ClCompile>
    <ClCompile Include="..\..\Foundation\src\NullChannel.cpp">
      <Filter>Logging\Source Files</Filter>
    </ClCompile>
    <ClCompile Include="..\..\Foundation\src\NullStream.cpp">
      <Filter>Streams\Source Files</Filter>
    </ClCompile>
    <ClCompile Include="..\..\Foundation\src\NumberFormatter.cpp">
      <Filter>Core\Source Files</Filter>
    </ClCompile>
    <ClCompile Include="..\..\Foundation\src\NumberParser.cpp">
      <Filter>Core\Source Files</Filter>
    </ClCompile>
    <ClCompile Include="..\..\Foundation\src\NumericString.cpp">
      <Filter>Core\Source Files</Filter>
    </ClCompile>
    <ClCompile Include="..\..\Foundation\src\Path.cpp">
      <Filter>Filesystem\Source Files</Filter>
    </ClCompile>
    <ClCompile Include="..\..\Foundation\src\PatternFormatter.cpp">
      <Filter>Logging\Source Files</Filter>
    </ClCompile>
    <ClCompile Include="..\..\Foundation\src\Pipe.cpp">
      <Filter>Processes\Source Files</Filter>
    </ClCompile>
    <ClCompile Include="..\..\Foundation\src\PipeImpl.cpp">
      <Filter>Processes\Source Files</Filter>
    </ClCompile>
    <ClCompile Include="..\..\Foundation\src\PipeStream.cpp">
      <Filter>Processes\Source Files</Filter>
    </ClCompile>
    <ClCompile Include="..\..\Foundation\src\PriorityNotificationQueue.cpp">
      <Filter>Notifications\Source Files</Filter>
    </ClCompile>
    <ClCompile Include="..\..\Foundation\src\Process.cpp">
      <Filter>Processes\Source Files</Filter>
    </ClCompile>
    <ClCompile Include="..\..\Foundation\src\PurgeStrategy.cpp">
      <Filter>Logging\Source Files</Filter>
    </ClCompile>
    <ClCompile Include="..\..\Foundation\src\RWLock.cpp">
      <Filter>Threading\Source Files</Filter>
    </ClCompile>
    <ClCompile Include="..\..\Foundation\src\Random.cpp">
      <Filter>Crypt\Source Files</Filter>
    </ClCompile>
    <ClCompile Include="..\..\Foundation\src\RandomStream.cpp">
      <Filter>Crypt\Source Files</Filter>
    </ClCompile>
    <ClCompile Include="..\..\Foundation\src\RefCountedObject.cpp">
      <Filter>Core\Source Files</Filter>
    </ClCompile>
    <ClCompile Include="..\..\Foundation\src\RegularExpression.cpp">
      <Filter>RegExp\Source Files</Filter>
    </ClCompile>
    <ClCompile Include="..\..\Foundation\src\RotateStrategy.cpp">
      <Filter>Logging\Source Files</Filter>
    </ClCompile>
    <ClCompile Include="..\..\Foundation\src\Runnable.cpp">
      <Filter>Threading\Source Files</Filter>
    </ClCompile>
    <ClCompile Include="..\..\Foundation\src\SHA1Engine.cpp">
      <Filter>Crypt\Source Files</Filter>
    </ClCompile>
    <ClCompile Include="..\..\Foundation\src\SHA2Engine.cpp">
      <Filter>Crypt\Source Files</Filter>
    </ClCompile>
    <ClCompile Include="..\..\Foundation\src\Semaphore.cpp">
      <Filter>Threading\Source Files</Filter>
    </ClCompile>
    <ClCompile Include="..\..\Foundation\src\SharedLibrary.cpp">
      <Filter>SharedLibrary\Source Files</Filter>
    </ClCompile>
    <ClCompile Include="..\..\Foundation\src\SharedMemory.cpp">
      <Filter>Processes\Source Files</Filter>
    </ClCompile>
    <ClCompile Include="..\..\Foundation\src\SignalHandler.cpp">
      <Filter>Threading\Source Files</Filter>
    </ClCompile>
    <ClCompile Include="..\..\Foundation\src\SimpleFileChannel.cpp">
      <Filter>Logging\Source Files</Filter>
    </ClCompile>
    <ClCompile Include="..\..\Foundation\src\SortedDirectoryIterator.cpp">
      <Filter>Filesystem\Source Files</Filter>
    </ClCompile>
    <ClCompile Include="..\..\Foundation\src\SplitterChannel.cpp">
      <Filter>Logging\Source Files</Filter>
    </ClCompile>
    <ClCompile Include="..\..\Foundation\src\Stopwatch.cpp">
      <Filter>DateTime\Source Files</Filter>
    </ClCompile>
    <ClCompile Include="..\..\Foundation\src\StreamChannel.cpp">
      <Filter>Logging\Source Files</Filter>
    </ClCompile>
    <ClCompile Include="..\..\Foundation\src\StreamConverter.cpp">
      <Filter>Text\Source Files</Filter>
    </ClCompile>
    <ClCompile Include="..\..\Foundation\src\StreamCopier.cpp">
      <Filter>Streams\Source Files</Filter>
    </ClCompile>
    <ClCompile Include="..\..\Foundation\src\StreamTokenizer.cpp">
      <Filter>Streams\Source Files</Filter>
    </ClCompile>
    <ClCompile Include="..\..\Foundation\src\String.cpp">
      <Filter>Core\Source Files</Filter>
    </ClCompile>
    <ClCompile Include="..\..\Foundation\src\StringTokenizer.cpp">
      <Filter>Core\Source Files</Filter>
    </ClCompile>
    <ClCompile Include="..\..\Foundation\src\SynchronizedObject.cpp">
      <Filter>Threading\Source Files</Filter>
    </ClCompile>
    <ClCompile Include="..\..\Foundation\src\Task.cpp">
      <Filter>Tasks\Source Files</Filter>
    </ClCompile>
    <ClCompile Include="..\..\Foundation\src\TaskManager.cpp">
      <Filter>Tasks\Source Files</Filter>
    </ClCompile>
    <ClCompile Include="..\..\Foundation\src\TaskNotification.cpp">
      <Filter>Tasks\Source Files</Filter>
    </ClCompile>
    <ClCompile Include="..\..\Foundation\src\TeeStream.cpp">
      <Filter>Streams\Source Files</Filter>
    </ClCompile>
    <ClCompile Include="..\..\Foundation\src\TemporaryFile.cpp">
      <Filter>Filesystem\Source Files</Filter>
    </ClCompile>
    <ClCompile Include="..\..\Foundation\src\TextBufferIterator.cpp">
      <Filter>Text\Source Files</Filter>
    </ClCompile>
    <ClCompile Include="..\..\Foundation\src\TextConverter.cpp">
      <Filter>Text\Source Files</Filter>
    </ClCompile>
    <ClCompile Include="..\..\Foundation\src\TextEncoding.cpp">
      <Filter>Text\Source Files</Filter>
    </ClCompile>
    <ClCompile Include="..\..\Foundation\src\TextIterator.cpp">
      <Filter>Text\Source Files</Filter>
    </ClCompile>
    <ClCompile Include="..\..\Foundation\src\Thread.cpp">
      <Filter>Threading\Source Files</Filter>
    </ClCompile>
    <ClCompile Include="..\..\Foundation\src\ThreadLocal.cpp">
      <Filter>Threading\Source Files</Filter>
    </ClCompile>
    <ClCompile Include="..\..\Foundation\src\ThreadPool.cpp">
      <Filter>Threading\Source Files</Filter>
    </ClCompile>
    <ClCompile Include="..\..\Foundation\src\ThreadTarget.cpp">
      <Filter>Threading\Source Files</Filter>
    </ClCompile>
    <ClCompile Include="..\..\Foundation\src\TimedNotificationQueue.cpp">
      <Filter>Notifications\Source Files</Filter>
    </ClCompile>
    <ClCompile Include="..\..\Foundation\src\Timer.cpp">
      <Filter>Threading\Source Files</Filter>
    </ClCompile>
    <ClCompile Include="..\..\Foundation\src\Timespan.cpp">
      <Filter>DateTime\Source Files</Filter>
    </ClCompile>
    <ClCompile Include="..\..\Foundation\src\Timestamp.cpp">
      <Filter>DateTime\Source Files</Filter>
    </ClCompile>
    <ClCompile Include="..\..\Foundation\src\Timezone.cpp">
      <Filter>DateTime\Source Files</Filter>
    </ClCompile>
    <ClCompile Include="..\..\Foundation\src\Token.cpp">
      <Filter>Streams\Source Files</Filter>
    </ClCompile>
    <ClCompile Include="..\..\Foundation\src\URI.cpp">
      <Filter>URI\Source Files</Filter>
    </ClCompile>
    <ClCompile Include="..\..\Foundation\src\URIStreamFactory.cpp">
      <Filter>URI\Source Files</Filter>
    </ClCompile>
    <ClCompile Include="..\..\Foundation\src\URIStreamOpener.cpp">
      <Filter>URI\Source Files</Filter>
    </ClCompile>
    <ClCompile Include="..\..\Foundation\src\UTF16Encoding.cpp">
      <Filter>Text\Source Files</Filter>
    </ClCompile>
    <ClCompile Include="..\..\Foundation\src\UTF32Encoding.cpp">
      <Filter>Text\Source Files</Filter>
    </ClCompile>
    <ClCompile Include="..\..\Foundation\src\UTF8Encoding.cpp">
      <Filter>Text\Source Files</Filter>
    </ClCompile>
    <ClCompile Include="..\..\Foundation\src\UTF8String.cpp">
      <Filter>Text\Source Files</Filter>
    </ClCompile>
    <ClCompile Include="..\..\Foundation\src\UUID.cpp">
      <Filter>UUID\Source Files</Filter>
    </ClCompile>
    <ClCompile Include="..\..\Foundation\src\UUIDGenerator.cpp">
      <Filter>UUID\Source Files</Filter>
    </ClCompile>
    <ClCompile Include="..\..\Foundation\src\Unicode.cpp">
      <Filter>Text\Source Files</Filter>
    </ClCompile>
    <ClCompile Include="..\..\Foundation\src\UnicodeConverter.cpp">
      <Filter>Text\Source Files</Filter>
    </ClCompile>
    <ClCompile Include="..\..\Foundation\src\Var.cpp">
      <Filter>Core\Source Files</Filter>
    </ClCompile>
    <ClCompile Include="..\..\Foundation\src\VarHolder.cpp">
      <Filter>Core\Source Files</Filter>
    </ClCompile>
    <ClCompile Include="..\..\Foundation\src\VarIterator.cpp">
      <Filter>Dynamic\Source Files</Filter>
    </ClCompile>
    <ClCompile Include="..\..\Foundation\src\Void.cpp">
      <Filter>Core\Source Files</Filter>
    </ClCompile>
    <ClCompile Include="..\..\Foundation\src\Windows1250Encoding.cpp">
      <Filter>Text\Source Files</Filter>
    </ClCompile>
    <ClCompile Include="..\..\Foundation\src\Windows1251Encoding.cpp">
      <Filter>Text\Source Files</Filter>
    </ClCompile>
    <ClCompile Include="..\..\Foundation\src\Windows1252Encoding.cpp">
      <Filter>Text\Source Files</Filter>
    </ClCompile>
    <ClCompile Include="..\..\Foundation\src\WindowsConsoleChannel.cpp">
      <Filter>Logging\Source Files</Filter>
    </ClCompile>
    <ClCompile Include="..\..\Foundation\src\pcre_config.c">
      <Filter>pcre\Source Files</Filter>
    </ClCompile>
    <ClCompile Include="..\..\Foundation\src\pcre_byte_order.c">
      <Filter>pcre\Source Files</Filter>
    </ClCompile>
    <ClCompile Include="..\..\Foundation\src\pcre_chartables.c">
      <Filter>pcre\Source Files</Filter>
    </ClCompile>
    <ClCompile Include="..\..\Foundation\src\pcre_compile.c">
      <Filter>pcre\Source Files</Filter>
    </ClCompile>
    <ClCompile Include="..\..\Foundation\src\pcre_exec.c">
      <Filter>pcre\Source Files</Filter>
    </ClCompile>
    <ClCompile Include="..\..\Foundation\src\pcre_fullinfo.c">
      <Filter>pcre\Source Files</Filter>
    </ClCompile>
    <ClCompile Include="..\..\Foundation\src\pcre_globals.c">
      <Filter>pcre\Source Files</Filter>
    </ClCompile>
    <ClCompile Include="..\..\Foundation\src\pcre_maketables.c">
      <Filter>pcre\Source Files</Filter>
    </ClCompile>
    <ClCompile Include="..\..\Foundation\src\pcre_newline.c">
      <Filter>pcre\Source Files</Filter>
    </ClCompile>
    <ClCompile Include="..\..\Foundation\src\pcre_ord2utf8.c">
      <Filter>pcre\Source Files</Filter>
    </ClCompile>
    <ClCompile Include="..\..\Foundation\src\pcre_study.c">
      <Filter>pcre\Source Files</Filter>
    </ClCompile>
    <ClCompile Include="..\..\Foundation\src\pcre_tables.c">
      <Filter>pcre\Source Files</Filter>
    </ClCompile>
    <ClCompile Include="..\..\Foundation\src\pcre_dfa_exec.c">
      <Filter>pcre\Source Files</Filter>
    </ClCompile>
    <ClCompile Include="..\..\Foundation\src\pcre_get.c">
      <Filter>pcre\Source Files</Filter>
    </ClCompile>
    <ClCompile Include="..\..\Foundation\src\pcre_jit_compile.c">
      <Filter>pcre\Source Files</Filter>
    </ClCompile>
    <ClCompile Include="..\..\Foundation\src\pcre_refcount.c">
      <Filter>pcre\Source Files</Filter>
    </ClCompile>
    <ClCompile Include="..\..\Foundation\src\pcre_string_utils.c">
      <Filter>pcre\Source Files</Filter>
    </ClCompile>
    <ClCompile Include="..\..\Foundation\src\pcre_version.c">
      <Filter>pcre\Source Files</Filter>
    </ClCompile>
    <ClCompile Include="..\..\Foundation\src\pcre_ucd.c">
      <Filter>pcre\Source Files</Filter>
    </ClCompile>
    <ClCompile Include="..\..\Foundation\src\pcre_valid_utf8.c">
      <Filter>pcre\Source Files</Filter>
    </ClCompile>
    <ClCompile Include="..\..\Foundation\src\pcre_xclass.c">
      <Filter>pcre\Source Files</Filter>
    </ClCompile>
    <ClCompile Include="..\..\Foundation\src\adler32.c">
      <Filter>zlib\Source Files</Filter>
    </ClCompile>
    <ClCompile Include="..\..\Foundation\src\compress.c">
      <Filter>zlib\Source Files</Filter>
    </ClCompile>
    <ClCompile Include="..\..\Foundation\src\crc32.c">
      <Filter>zlib\Source Files</Filter>
    </ClCompile>
    <ClCompile Include="..\..\Foundation\src\deflate.c">
      <Filter>zlib\Source Files</Filter>
    </ClCompile>
    <ClCompile Include="..\..\Foundation\src\infback.c">
      <Filter>zlib\Source Files</Filter>
    </ClCompile>
    <ClCompile Include="..\..\Foundation\src\inffast.c">
      <Filter>zlib\Source Files</Filter>
    </ClCompile>
    <ClCompile Include="..\..\Foundation\src\inflate.c">
      <Filter>zlib\Source Files</Filter>
    </ClCompile>
    <ClCompile Include="..\..\Foundation\src\inftrees.c">
      <Filter>zlib\Source Files</Filter>
    </ClCompile>
    <ClCompile Include="..\..\Foundation\src\trees.c">
      <Filter>zlib\Source Files</Filter>
    </ClCompile>
    <ClCompile Include="..\..\Foundation\src\zutil.c">
      <Filter>zlib\Source Files</Filter>
    </ClCompile>
  </ItemGroup>
  <ItemGroup>
    <ClInclude Include="..\..\Foundation\src\DirectoryIterator_UNIX.cpp">
      <Filter>Filesystem\Source Files</Filter>
    </ClInclude>
    <ClInclude Include="..\..\Foundation\src\DirectoryIterator_WIN32U.cpp">
      <Filter>Filesystem\Source Files</Filter>
    </ClInclude>
    <ClInclude Include="..\..\Foundation\src\Environment_UNIX.cpp">
      <Filter>Core\Source Files</Filter>
    </ClInclude>
    <ClInclude Include="..\..\Foundation\src\Environment_VX.cpp">
      <Filter>Core\Source Files</Filter>
    </ClInclude>
    <ClInclude Include="..\..\Foundation\src\Environment_WIN32U.cpp">
      <Filter>Core\Source Files</Filter>
    </ClInclude>
    <ClInclude Include="..\..\Foundation\src\Environment_WINCE.cpp">
      <Filter>Core\Source Files</Filter>
    </ClInclude>
    <ClInclude Include="..\..\Foundation\src\Event_POSIX.cpp">
      <Filter>Threading\Source Files</Filter>
    </ClInclude>
    <ClInclude Include="..\..\Foundation\src\Event_VX.cpp">
      <Filter>Threading\Source Files</Filter>
    </ClInclude>
    <ClInclude Include="..\..\Foundation\src\Event_WIN32.cpp">
      <Filter>Threading\Source Files</Filter>
    </ClInclude>
    <ClInclude Include="..\..\Foundation\src\FPEnvironment_C99.cpp">
      <Filter>Core\Source Files</Filter>
    </ClInclude>
    <ClInclude Include="..\..\Foundation\src\FPEnvironment_DEC.cpp">
      <Filter>Core\Source Files</Filter>
    </ClInclude>
    <ClInclude Include="..\..\Foundation\src\FPEnvironment_DUMMY.cpp">
      <Filter>Core\Source Files</Filter>
    </ClInclude>
    <ClInclude Include="..\..\Foundation\src\FPEnvironment_QNX.cpp">
      <Filter>Core\Source Files</Filter>
    </ClInclude>
    <ClInclude Include="..\..\Foundation\src\FPEnvironment_SUN.cpp">
      <Filter>Core\Source Files</Filter>
    </ClInclude>
    <ClInclude Include="..\..\Foundation\src\FPEnvironment_WIN32.cpp">
      <Filter>Core\Source Files</Filter>
    </ClInclude>
    <ClInclude Include="..\..\Foundation\src\FileStream_POSIX.cpp">
      <Filter>Streams\Source Files</Filter>
    </ClInclude>
    <ClInclude Include="..\..\Foundation\src\FileStream_WIN32.cpp">
      <Filter>Streams\Source Files</Filter>
    </ClInclude>
    <ClInclude Include="..\..\Foundation\src\File_UNIX.cpp">
      <Filter>Filesystem\Source Files</Filter>
    </ClInclude>
    <ClInclude Include="..\..\Foundation\src\File_VX.cpp">
      <Filter>Filesystem\Source Files</Filter>
    </ClInclude>
    <ClInclude Include="..\..\Foundation\src\File_WIN32U.cpp">
      <Filter>Filesystem\Source Files</Filter>
    </ClInclude>
    <ClInclude Include="..\..\Foundation\src\File_WINCE.cpp">
      <Filter>Filesystem\Source Files</Filter>
    </ClInclude>
    <ClInclude Include="..\..\Foundation\src\LogFile_STD.cpp">
      <Filter>Logging\Source Files</Filter>
    </ClInclude>
    <ClInclude Include="..\..\Foundation\src\LogFile_WIN32U.cpp">
      <Filter>Logging\Source Files</Filter>
    </ClInclude>
    <ClInclude Include="..\..\Foundation\src\Mutex_POSIX.cpp">
      <Filter>Threading\Source Files</Filter>
    </ClInclude>
    <ClInclude Include="..\..\Foundation\src\Mutex_VX.cpp">
      <Filter>Threading\Source Files</Filter>
    </ClInclude>
    <ClInclude Include="..\..\Foundation\src\Mutex_WIN32.cpp">
      <Filter>Threading\Source Files</Filter>
    </ClInclude>
    <ClInclude Include="..\..\Foundation\src\Mutex_WINCE.cpp">
      <Filter>Threading\Source Files</Filter>
    </ClInclude>
    <ClInclude Include="..\..\Foundation\src\NamedEvent_Android.cpp">
      <Filter>Processes\Source Files</Filter>
    </ClInclude>
    <ClInclude Include="..\..\Foundation\src\NamedEvent_UNIX.cpp">
      <Filter>Processes\Source Files</Filter>
    </ClInclude>
    <ClInclude Include="..\..\Foundation\src\NamedEvent_WIN32U.cpp">
      <Filter>Processes\Source Files</Filter>
    </ClInclude>
    <ClInclude Include="..\..\Foundation\src\NamedMutex_Android.cpp">
      <Filter>Processes\Source Files</Filter>
    </ClInclude>
    <ClInclude Include="..\..\Foundation\src\NamedMutex_UNIX.cpp">
      <Filter>Processes\Source Files</Filter>
    </ClInclude>
    <ClInclude Include="..\..\Foundation\src\NamedMutex_WIN32U.cpp">
      <Filter>Processes\Source Files</Filter>
    </ClInclude>
    <ClInclude Include="..\..\Foundation\src\Path_UNIX.cpp">
      <Filter>Filesystem\Source Files</Filter>
    </ClInclude>
    <ClInclude Include="..\..\Foundation\src\Path_WIN32U.cpp">
      <Filter>Filesystem\Source Files</Filter>
    </ClInclude>
    <ClInclude Include="..\..\Foundation\src\Path_WINCE.cpp">
      <Filter>Filesystem\Source Files</Filter>
    </ClInclude>
    <ClInclude Include="..\..\Foundation\src\PipeImpl_DUMMY.cpp">
      <Filter>Processes\Source Files</Filter>
    </ClInclude>
    <ClInclude Include="..\..\Foundation\src\PipeImpl_POSIX.cpp">
      <Filter>Processes\Source Files</Filter>
    </ClInclude>
    <ClInclude Include="..\..\Foundation\src\PipeImpl_WIN32.cpp">
      <Filter>Processes\Source Files</Filter>
    </ClInclude>
    <ClInclude Include="..\..\Foundation\src\Process_UNIX.cpp">
      <Filter>Processes\Source Files</Filter>
    </ClInclude>
    <ClInclude Include="..\..\Foundation\src\Process_VX.cpp">
      <Filter>Processes\Source Files</Filter>
    </ClInclude>
    <ClInclude Include="..\..\Foundation\src\Process_WIN32U.cpp">
      <Filter>Processes\Source Files</Filter>
    </ClInclude>
    <ClInclude Include="..\..\Foundation\src\Process_WINCE.cpp">
      <Filter>Processes\Source Files</Filter>
    </ClInclude>
    <ClInclude Include="..\..\Foundation\src\RWLock_Android.cpp">
      <Filter>Threading\Source Files</Filter>
    </ClInclude>
    <ClInclude Include="..\..\Foundation\src\RWLock_POSIX.cpp">
      <Filter>Threading\Source Files</Filter>
    </ClInclude>
    <ClInclude Include="..\..\Foundation\src\RWLock_VX.cpp">
      <Filter>Threading\Source Files</Filter>
    </ClInclude>
    <ClInclude Include="..\..\Foundation\src\RWLock_WIN32.cpp">
      <Filter>Threading\Source Files</Filter>
    </ClInclude>
    <ClInclude Include="..\..\Foundation\src\RWLock_WINCE.cpp">
      <Filter>Threading\Source Files</Filter>
    </ClInclude>
    <ClInclude Include="..\..\Foundation\src\Semaphore_POSIX.cpp">
      <Filter>Threading\Source Files</Filter>
    </ClInclude>
    <ClInclude Include="..\..\Foundation\src\Semaphore_VX.cpp">
      <Filter>Threading\Source Files</Filter>
    </ClInclude>
    <ClInclude Include="..\..\Foundation\src\Semaphore_WIN32.cpp">
      <Filter>Threading\Source Files</Filter>
    </ClInclude>
    <ClInclude Include="..\..\Foundation\src\SharedLibrary_HPUX.cpp">
      <Filter>SharedLibrary\Source Files</Filter>
    </ClInclude>
    <ClInclude Include="..\..\Foundation\src\SharedLibrary_UNIX.cpp">
      <Filter>SharedLibrary\Source Files</Filter>
    </ClInclude>
    <ClInclude Include="..\..\Foundation\src\SharedLibrary_VX.cpp">
      <Filter>SharedLibrary\Source Files</Filter>
    </ClInclude>
    <ClInclude Include="..\..\Foundation\src\SharedLibrary_WIN32U.cpp">
      <Filter>SharedLibrary\Source Files</Filter>
    </ClInclude>
    <ClInclude Include="..\..\Foundation\src\SharedMemory_DUMMY.cpp">
      <Filter>Processes\Source Files</Filter>
    </ClInclude>
    <ClInclude Include="..\..\Foundation\src\SharedMemory_POSIX.cpp">
      <Filter>Processes\Source Files</Filter>
    </ClInclude>
    <ClInclude Include="..\..\Foundation\src\SharedMemory_WIN32.cpp">
      <Filter>Processes\Source Files</Filter>
    </ClInclude>
    <ClInclude Include="..\..\Foundation\src\SyslogChannel.cpp">
      <Filter>Logging\Source Files</Filter>
    </ClInclude>
    <ClInclude Include="..\..\Foundation\src\Thread_POSIX.cpp">
      <Filter>Threading\Source Files</Filter>
    </ClInclude>
    <ClInclude Include="..\..\Foundation\src\Thread_VX.cpp">
      <Filter>Threading\Source Files</Filter>
    </ClInclude>
    <ClInclude Include="..\..\Foundation\src\Thread_WIN32.cpp">
      <Filter>Threading\Source Files</Filter>
    </ClInclude>
    <ClInclude Include="..\..\Foundation\src\Thread_WINCE.cpp">
      <Filter>Threading\Source Files</Filter>
    </ClInclude>
    <ClInclude Include="..\..\Foundation\src\Timezone_UNIX.cpp">
      <Filter>DateTime\Source Files</Filter>
    </ClInclude>
    <ClInclude Include="..\..\Foundation\src\Timezone_VX.cpp">
      <Filter>DateTime\Source Files</Filter>
    </ClInclude>
    <ClInclude Include="..\..\Foundation\src\Timezone_WIN32.cpp">
      <Filter>DateTime\Source Files</Filter>
    </ClInclude>
    <ClInclude Include="..\..\Foundation\src\Timezone_WINCE.cpp">
      <Filter>DateTime\Source Files</Filter>
    </ClInclude>
    <ClInclude Include="..\..\Foundation\include\Poco\ASCIIEncoding.h">
      <Filter>Text\Header Files</Filter>
    </ClInclude>
    <ClInclude Include="..\..\Foundation\include\Poco\AbstractCache.h">
      <Filter>Cache\Header Files</Filter>
    </ClInclude>
    <ClInclude Include="..\..\Foundation\include\Poco\AbstractDelegate.h">
      <Filter>Events\Header Files</Filter>
    </ClInclude>
    <ClInclude Include="..\..\Foundation\include\Poco\AbstractEvent.h">
      <Filter>Events\Header Files</Filter>
    </ClInclude>
    <ClInclude Include="..\..\Foundation\include\Poco\AbstractObserver.h">
      <Filter>Notifications\Header Files</Filter>
    </ClInclude>
    <ClInclude Include="..\..\Foundation\include\Poco\AbstractPriorityDelegate.h">
      <Filter>Events\Header Files</Filter>
    </ClInclude>
    <ClInclude Include="..\..\Foundation\include\Poco\AbstractStrategy.h">
      <Filter>Cache\Header Files</Filter>
    </ClInclude>
    <ClInclude Include="..\..\Foundation\include\Poco\AccessExpirationDecorator.h">
      <Filter>Cache\Header Files</Filter>
    </ClInclude>
    <ClInclude Include="..\..\Foundation\include\Poco\AccessExpireCache.h">
      <Filter>Cache\Header Files</Filter>
    </ClInclude>
    <ClInclude Include="..\..\Foundation\include\Poco\AccessExpireLRUCache.h">
      <Filter>Cache\Header Files</Filter>
    </ClInclude>
    <ClInclude Include="..\..\Foundation\include\Poco\AccessExpireStrategy.h">
      <Filter>Cache\Header Files</Filter>
    </ClInclude>
    <ClInclude Include="..\..\Foundation\include\Poco\ActiveDispatcher.h">
      <Filter>Threading\Header Files</Filter>
    </ClInclude>
    <ClInclude Include="..\..\Foundation\include\Poco\ActiveMethod.h">
      <Filter>Threading\Header Files</Filter>
    </ClInclude>
    <ClInclude Include="..\..\Foundation\include\Poco\ActiveResult.h">
      <Filter>Threading\Header Files</Filter>
    </ClInclude>
    <ClInclude Include="..\..\Foundation\include\Poco\ActiveRunnable.h">
      <Filter>Threading\Header Files</Filter>
    </ClInclude>
    <ClInclude Include="..\..\Foundation\include\Poco\ActiveStarter.h">
      <Filter>Threading\Header Files</Filter>
    </ClInclude>
    <ClInclude Include="..\..\Foundation\include\Poco\Activity.h">
      <Filter>Threading\Header Files</Filter>
    </ClInclude>
    <ClInclude Include="..\..\Foundation\include\Poco\Alignment.h">
      <Filter>Dynamic\Header Files</Filter>
    </ClInclude>
    <ClInclude Include="..\..\Foundation\include\Poco\Any.h">
      <Filter>Core\Header Files</Filter>
    </ClInclude>
    <ClInclude Include="..\..\Foundation\include\Poco\ArchiveStrategy.h">
      <Filter>Logging\Header Files</Filter>
    </ClInclude>
    <ClInclude Include="..\..\Foundation\include\Poco\Array.h">
      <Filter>Core\Header Files</Filter>
    </ClInclude>
    <ClInclude Include="..\..\Foundation\include\Poco\Ascii.h">
      <Filter>Core\Header Files</Filter>
    </ClInclude>
    <ClInclude Include="..\..\Foundation\include\Poco\AsyncChannel.h">
      <Filter>Logging\Header Files</Filter>
    </ClInclude>
    <ClInclude Include="..\..\Foundation\include\Poco\AtomicCounter.h">
      <Filter>Core\Header Files</Filter>
    </ClInclude>
    <ClInclude Include="..\..\Foundation\include\Poco\AtomicFlag.h">
      <Filter>Core\Header Files</Filter>
    </ClInclude>
    <ClInclude Include="..\..\Foundation\include\Poco\AutoPtr.h">
      <Filter>Core\Header Files</Filter>
    </ClInclude>
    <ClInclude Include="..\..\Foundation\include\Poco\AutoReleasePool.h">
      <Filter>Core\Header Files</Filter>
    </ClInclude>
    <ClInclude Include="..\..\Foundation\include\Poco\Base32Decoder.h">
      <Filter>Streams\Header Files</Filter>
    </ClInclude>
    <ClInclude Include="..\..\Foundation\include\Poco\Base32Encoder.h">
      <Filter>Streams\Header Files</Filter>
    </ClInclude>
    <ClInclude Include="..\..\Foundation\include\Poco\Base64Decoder.h">
      <Filter>Streams\Header Files</Filter>
    </ClInclude>
    <ClInclude Include="..\..\Foundation\include\Poco\Base64Encoder.h">
      <Filter>Streams\Header Files</Filter>
    </ClInclude>
    <ClInclude Include="..\..\Foundation\include\Poco\BasicEvent.h">
      <Filter>Events\Header Files</Filter>
    </ClInclude>
    <ClInclude Include="..\..\Foundation\include\Poco\BinaryReader.h">
      <Filter>Streams\Header Files</Filter>
    </ClInclude>
    <ClInclude Include="..\..\Foundation\include\Poco\BinaryWriter.h">
      <Filter>Streams\Header Files</Filter>
    </ClInclude>
    <ClInclude Include="..\..\Foundation\include\Poco\Buffer.h">
      <Filter>Core\Header Files</Filter>
    </ClInclude>
    <ClInclude Include="..\..\Foundation\include\Poco\BufferAllocator.h">
      <Filter>Streams\Header Files</Filter>
    </ClInclude>
    <ClInclude Include="..\..\Foundation\include\Poco\BufferedBidirectionalStreamBuf.h">
      <Filter>Streams\Header Files</Filter>
    </ClInclude>
    <ClInclude Include="..\..\Foundation\include\Poco\BufferedStreamBuf.h">
      <Filter>Streams\Header Files</Filter>
    </ClInclude>
    <ClInclude Include="..\..\Foundation\include\Poco\Bugcheck.h">
      <Filter>Core\Header Files</Filter>
    </ClInclude>
    <ClInclude Include="..\..\Foundation\include\Poco\ByteOrder.h">
      <Filter>Core\Header Files</Filter>
    </ClInclude>
    <ClInclude Include="..\..\Foundation\include\Poco\Channel.h">
      <Filter>Logging\Header Files</Filter>
    </ClInclude>
    <ClInclude Include="..\..\Foundation\include\Poco\Checksum.h">
      <Filter>Core\Header Files</Filter>
    </ClInclude>
    <ClInclude Include="..\..\Foundation\include\Poco\ClassLibrary.h">
      <Filter>SharedLibrary\Header Files</Filter>
    </ClInclude>
    <ClInclude Include="..\..\Foundation\include\Poco\ClassLoader.h">
      <Filter>SharedLibrary\Header Files</Filter>
    </ClInclude>
    <ClInclude Include="..\..\Foundation\include\Poco\Clock.h">
      <Filter>DateTime\Header Files</Filter>
    </ClInclude>
    <ClInclude Include="..\..\Foundation\include\Poco\Condition.h">
      <Filter>Threading\Header Files</Filter>
    </ClInclude>
    <ClInclude Include="..\..\Foundation\include\Poco\Config.h">
      <Filter>Core\Header Files</Filter>
    </ClInclude>
    <ClInclude Include="..\..\Foundation\include\Poco\Configurable.h">
      <Filter>Logging\Header Files</Filter>
    </ClInclude>
    <ClInclude Include="..\..\Foundation\include\Poco\ConsoleChannel.h">
      <Filter>Logging\Header Files</Filter>
    </ClInclude>
    <ClInclude Include="..\..\Foundation\include\Poco\CountingStream.h">
      <Filter>Streams\Header Files</Filter>
    </ClInclude>
    <ClInclude Include="..\..\Foundation\include\Poco\DataURIStream.h">
      <Filter>Streams\Header Files</Filter>
    </ClInclude>
    <ClInclude Include="..\..\Foundation\include\Poco\DataURIStreamFactory.h">
      <Filter>URI\Header Files</Filter>
    </ClInclude>
    <ClInclude Include="..\..\Foundation\include\Poco\DateTime.h">
      <Filter>DateTime\Header Files</Filter>
    </ClInclude>
    <ClInclude Include="..\..\Foundation\include\Poco\DateTimeFormat.h">
      <Filter>DateTime\Header Files</Filter>
    </ClInclude>
    <ClInclude Include="..\..\Foundation\include\Poco\DateTimeFormatter.h">
      <Filter>DateTime\Header Files</Filter>
    </ClInclude>
    <ClInclude Include="..\..\Foundation\include\Poco\DateTimeParser.h">
      <Filter>DateTime\Header Files</Filter>
    </ClInclude>
    <ClInclude Include="..\..\Foundation\include\Poco\Debugger.h">
      <Filter>Core\Header Files</Filter>
    </ClInclude>
    <ClInclude Include="..\..\Foundation\include\Poco\DefaultStrategy.h">
      <Filter>Events\Header Files</Filter>
    </ClInclude>
    <ClInclude Include="..\..\Foundation\include\Poco\DeflatingStream.h">
      <Filter>Streams\Header Files</Filter>
    </ClInclude>
    <ClInclude Include="..\..\Foundation\include\Poco\Delegate.h">
      <Filter>Events\Header Files</Filter>
    </ClInclude>
    <ClInclude Include="..\..\Foundation\include\Poco\DigestEngine.h">
      <Filter>Crypt\Header Files</Filter>
    </ClInclude>
    <ClInclude Include="..\..\Foundation\include\Poco\DigestStream.h">
      <Filter>Crypt\Header Files</Filter>
    </ClInclude>
    <ClInclude Include="..\..\Foundation\include\Poco\DirectoryIterator.h">
      <Filter>Filesystem\Header Files</Filter>
    </ClInclude>
    <ClInclude Include="..\..\Foundation\include\Poco\DirectoryIteratorStrategy.h">
      <Filter>Filesystem\Header Files</Filter>
    </ClInclude>
    <ClInclude Include="..\..\Foundation\include\Poco\DirectoryIterator_UNIX.h">
      <Filter>Filesystem\Header Files</Filter>
    </ClInclude>
    <ClInclude Include="..\..\Foundation\include\Poco\DirectoryIterator_WIN32U.h">
      <Filter>Filesystem\Header Files</Filter>
    </ClInclude>
    <ClInclude Include="..\..\Foundation\include\Poco\DirectoryWatcher.h">
      <Filter>Filesystem\Header Files</Filter>
    </ClInclude>
    <ClInclude Include="..\..\Foundation\include\Poco\Dynamic\Pair.h">
      <Filter>Dynamic\Header Files</Filter>
    </ClInclude>
    <ClInclude Include="..\..\Foundation\include\Poco\Dynamic\Struct.h">
      <Filter>Dynamic\Header Files</Filter>
    </ClInclude>
    <ClInclude Include="..\..\Foundation\include\Poco\Dynamic\Var.h">
      <Filter>Dynamic\Header Files</Filter>
    </ClInclude>
    <ClInclude Include="..\..\Foundation\include\Poco\Dynamic\VarHolder.h">
      <Filter>Dynamic\Header Files</Filter>
    </ClInclude>
    <ClInclude Include="..\..\Foundation\include\Poco\Dynamic\VarIterator.h">
      <Filter>Dynamic\Header Files</Filter>
    </ClInclude>
    <ClInclude Include="..\..\Foundation\include\Poco\DynamicAny.h">
      <Filter>Dynamic\Header Files</Filter>
    </ClInclude>
    <ClInclude Include="..\..\Foundation\include\Poco\DynamicAnyHolder.h">
      <Filter>Dynamic\Header Files</Filter>
    </ClInclude>
    <ClInclude Include="..\..\Foundation\include\Poco\DynamicFactory.h">
      <Filter>Core\Header Files</Filter>
    </ClInclude>
    <ClInclude Include="..\..\Foundation\include\Poco\DynamicStruct.h">
      <Filter>Dynamic\Header Files</Filter>
    </ClInclude>
    <ClInclude Include="..\..\Foundation\include\Poco\Environment.h">
      <Filter>Core\Header Files</Filter>
    </ClInclude>
    <ClInclude Include="..\..\Foundation\include\Poco\Environment_UNIX.h">
      <Filter>Core\Header Files</Filter>
    </ClInclude>
    <ClInclude Include="..\..\Foundation\include\Poco\Environment_VX.h">
      <Filter>Core\Header Files</Filter>
    </ClInclude>
    <ClInclude Include="..\..\Foundation\include\Poco\Environment_WIN32U.h">
      <Filter>Core\Header Files</Filter>
    </ClInclude>
    <ClInclude Include="..\..\Foundation\include\Poco\Environment_WINCE.h">
      <Filter>Core\Header Files</Filter>
    </ClInclude>
    <ClInclude Include="..\..\Foundation\include\Poco\Error.h">
      <Filter>Core\Header Files</Filter>
    </ClInclude>
    <ClInclude Include="..\..\Foundation\include\Poco\ErrorHandler.h">
      <Filter>Threading\Header Files</Filter>
    </ClInclude>
    <ClInclude Include="..\..\Foundation\include\Poco\Event.h">
      <Filter>Threading\Header Files</Filter>
    </ClInclude>
    <ClInclude Include="..\..\Foundation\include\Poco\EventArgs.h">
      <Filter>Events\Header Files</Filter>
    </ClInclude>
    <ClInclude Include="..\..\Foundation\include\Poco\EventChannel.h">
      <Filter>Logging\Header Files</Filter>
    </ClInclude>
    <ClInclude Include="..\..\Foundation\include\Poco\EventLogChannel.h">
      <Filter>Logging\Header Files</Filter>
    </ClInclude>
    <ClInclude Include="..\..\Foundation\include\Poco\Event_POSIX.h">
      <Filter>Threading\Header Files</Filter>
    </ClInclude>
    <ClInclude Include="..\..\Foundation\include\Poco\Event_VX.h">
      <Filter>Threading\Header Files</Filter>
    </ClInclude>
    <ClInclude Include="..\..\Foundation\include\Poco\Event_WIN32.h">
      <Filter>Threading\Header Files</Filter>
    </ClInclude>
    <ClInclude Include="..\..\Foundation\include\Poco\Exception.h">
      <Filter>Core\Header Files</Filter>
    </ClInclude>
    <ClInclude Include="..\..\Foundation\include\Poco\ExpirationDecorator.h">
      <Filter>Events\Header Files</Filter>
    </ClInclude>
    <ClInclude Include="..\..\Foundation\include\Poco\Expire.h">
      <Filter>Events\Header Files</Filter>
    </ClInclude>
    <ClInclude Include="..\..\Foundation\include\Poco\ExpireCache.h">
      <Filter>Cache\Header Files</Filter>
    </ClInclude>
    <ClInclude Include="..\..\Foundation\include\Poco\ExpireLRUCache.h">
      <Filter>Cache\Header Files</Filter>
    </ClInclude>
    <ClInclude Include="..\..\Foundation\include\Poco\ExpireStrategy.h">
      <Filter>Cache\Header Files</Filter>
    </ClInclude>
    <ClInclude Include="..\..\Foundation\include\Poco\FIFOBuffer.h">
      <Filter>Core\Header Files</Filter>
    </ClInclude>
    <ClInclude Include="..\..\Foundation\include\Poco\FIFOBufferStream.h">
      <Filter>Streams\Header Files</Filter>
    </ClInclude>
    <ClInclude Include="..\..\Foundation\include\Poco\FIFOEvent.h">
      <Filter>Events\Header Files</Filter>
    </ClInclude>
    <ClInclude Include="..\..\Foundation\include\Poco\FIFOStrategy.h">
      <Filter>Events\Header Files</Filter>
    </ClInclude>
    <ClInclude Include="..\..\Foundation\include\Poco\FPEnvironment.h">
      <Filter>Core\Header Files</Filter>
    </ClInclude>
    <ClInclude Include="..\..\Foundation\include\Poco\FPEnvironment_C99.h">
      <Filter>Core\Header Files</Filter>
    </ClInclude>
    <ClInclude Include="..\..\Foundation\include\Poco\FPEnvironment_DEC.h">
      <Filter>Core\Header Files</Filter>
    </ClInclude>
    <ClInclude Include="..\..\Foundation\include\Poco\FPEnvironment_DUMMY.h">
      <Filter>Core\Header Files</Filter>
    </ClInclude>
    <ClInclude Include="..\..\Foundation\include\Poco\FPEnvironment_QNX.h">
      <Filter>Core\Header Files</Filter>
    </ClInclude>
    <ClInclude Include="..\..\Foundation\include\Poco\FPEnvironment_SUN.h">
      <Filter>Core\Header Files</Filter>
    </ClInclude>
    <ClInclude Include="..\..\Foundation\include\Poco\FPEnvironment_WIN32.h">
      <Filter>Core\Header Files</Filter>
    </ClInclude>
    <ClInclude Include="..\..\Foundation\include\Poco\File.h">
      <Filter>Filesystem\Header Files</Filter>
    </ClInclude>
    <ClInclude Include="..\..\Foundation\include\Poco\FileChannel.h">
      <Filter>Logging\Header Files</Filter>
    </ClInclude>
    <ClInclude Include="..\..\Foundation\include\Poco\FileStream.h">
      <Filter>Streams\Header Files</Filter>
    </ClInclude>
    <ClInclude Include="..\..\Foundation\include\Poco\FileStreamFactory.h">
      <Filter>URI\Header Files</Filter>
    </ClInclude>
    <ClInclude Include="..\..\Foundation\include\Poco\FileStream_POSIX.h">
      <Filter>Streams\Header Files</Filter>
    </ClInclude>
    <ClInclude Include="..\..\Foundation\include\Poco\FileStream_WIN32.h">
      <Filter>Streams\Header Files</Filter>
    </ClInclude>
    <ClInclude Include="..\..\Foundation\include\Poco\File_UNIX.h">
      <Filter>Filesystem\Header Files</Filter>
    </ClInclude>
    <ClInclude Include="..\..\Foundation\include\Poco\File_VX.h">
      <Filter>Filesystem\Header Files</Filter>
    </ClInclude>
    <ClInclude Include="..\..\Foundation\include\Poco\File_WIN32U.h">
      <Filter>Filesystem\Header Files</Filter>
    </ClInclude>
    <ClInclude Include="..\..\Foundation\include\Poco\File_WINCE.h">
      <Filter>Filesystem\Header Files</Filter>
    </ClInclude>
    <ClInclude Include="..\..\Foundation\include\Poco\Format.h">
      <Filter>Core\Header Files</Filter>
    </ClInclude>
    <ClInclude Include="..\..\Foundation\include\Poco\Formatter.h">
      <Filter>Logging\Header Files</Filter>
    </ClInclude>
    <ClInclude Include="..\..\Foundation\include\Poco\FormattingChannel.h">
      <Filter>Logging\Header Files</Filter>
    </ClInclude>
    <ClInclude Include="..\..\Foundation\include\Poco\Foundation.h">
      <Filter>Core\Header Files</Filter>
    </ClInclude>
    <ClInclude Include="..\..\Foundation\include\Poco\FunctionDelegate.h">
      <Filter>Events\Header Files</Filter>
    </ClInclude>
    <ClInclude Include="..\..\Foundation\include\Poco\FunctionPriorityDelegate.h">
      <Filter>Events\Header Files</Filter>
    </ClInclude>
    <ClInclude Include="..\..\Foundation\include\Poco\Glob.h">
      <Filter>Filesystem\Header Files</Filter>
    </ClInclude>
    <ClInclude Include="..\..\Foundation\include\Poco\HMACEngine.h">
      <Filter>Crypt\Header Files</Filter>
    </ClInclude>
    <ClInclude Include="..\..\Foundation\include\Poco\Hash.h">
      <Filter>Hashing\Header Files</Filter>
    </ClInclude>
    <ClInclude Include="..\..\Foundation\include\Poco\HashFunction.h">
      <Filter>Hashing\Header Files</Filter>
    </ClInclude>
    <ClInclude Include="..\..\Foundation\include\Poco\HashMap.h">
      <Filter>Hashing\Header Files</Filter>
    </ClInclude>
    <ClInclude Include="..\..\Foundation\include\Poco\HashSet.h">
      <Filter>Hashing\Header Files</Filter>
    </ClInclude>
    <ClInclude Include="..\..\Foundation\include\Poco\HashStatistic.h">
      <Filter>Hashing\Header Files</Filter>
    </ClInclude>
    <ClInclude Include="..\..\Foundation\include\Poco\HashTable.h">
      <Filter>Hashing\Header Files</Filter>
    </ClInclude>
    <ClInclude Include="..\..\Foundation\include\Poco\HexBinaryDecoder.h">
      <Filter>Streams\Header Files</Filter>
    </ClInclude>
    <ClInclude Include="..\..\Foundation\include\Poco\HexBinaryEncoder.h">
      <Filter>Streams\Header Files</Filter>
    </ClInclude>
    <ClInclude Include="..\..\Foundation\include\Poco\InflatingStream.h">
      <Filter>Streams\Header Files</Filter>
    </ClInclude>
    <ClInclude Include="..\..\Foundation\include\Poco\Instantiator.h">
      <Filter>Core\Header Files</Filter>
    </ClInclude>
    <ClInclude Include="..\..\Foundation\include\Poco\JSONString.h">
      <Filter>Core\Header Files</Filter>
    </ClInclude>
    <ClInclude Include="..\..\Foundation\include\Poco\KeyValueArgs.h">
      <Filter>Cache\Header Files</Filter>
    </ClInclude>
    <ClInclude Include="..\..\Foundation\include\Poco\LRUCache.h">
      <Filter>Cache\Header Files</Filter>
    </ClInclude>
    <ClInclude Include="..\..\Foundation\include\Poco\LRUStrategy.h">
      <Filter>Cache\Header Files</Filter>
    </ClInclude>
    <ClInclude Include="..\..\Foundation\include\Poco\Latin1Encoding.h">
      <Filter>Text\Header Files</Filter>
    </ClInclude>
    <ClInclude Include="..\..\Foundation\include\Poco\Latin2Encoding.h">
      <Filter>Text\Header Files</Filter>
    </ClInclude>
    <ClInclude Include="..\..\Foundation\include\Poco\Latin9Encoding.h">
      <Filter>Text\Header Files</Filter>
    </ClInclude>
    <ClInclude Include="..\..\Foundation\include\Poco\LineEndingConverter.h">
      <Filter>Streams\Header Files</Filter>
    </ClInclude>
    <ClInclude Include="..\..\Foundation\include\Poco\LinearHashTable.h">
      <Filter>Hashing\Header Files</Filter>
    </ClInclude>
    <ClInclude Include="..\..\Foundation\include\Poco\ListMap.h">
      <Filter>Core\Header Files</Filter>
    </ClInclude>
    <ClInclude Include="..\..\Foundation\include\Poco\LocalDateTime.h">
      <Filter>DateTime\Header Files</Filter>
    </ClInclude>
    <ClInclude Include="..\..\Foundation\include\Poco\LogFile.h">
      <Filter>Logging\Header Files</Filter>
    </ClInclude>
    <ClInclude Include="..\..\Foundation\include\Poco\LogFile_STD.h">
      <Filter>Logging\Header Files</Filter>
    </ClInclude>
    <ClInclude Include="..\..\Foundation\include\Poco\LogFile_WIN32U.h">
      <Filter>Logging\Header Files</Filter>
    </ClInclude>
    <ClInclude Include="..\..\Foundation\include\Poco\LogStream.h">
      <Filter>Logging\Header Files</Filter>
    </ClInclude>
    <ClInclude Include="..\..\Foundation\include\Poco\Logger.h">
      <Filter>Logging\Header Files</Filter>
    </ClInclude>
    <ClInclude Include="..\..\Foundation\include\Poco\LoggingFactory.h">
      <Filter>Logging\Header Files</Filter>
    </ClInclude>
    <ClInclude Include="..\..\Foundation\include\Poco\LoggingRegistry.h">
      <Filter>Logging\Header Files</Filter>
    </ClInclude>
    <ClInclude Include="..\..\Foundation\include\Poco\MD4Engine.h">
      <Filter>Crypt\Header Files</Filter>
    </ClInclude>
    <ClInclude Include="..\..\Foundation\include\Poco\MD5Engine.h">
      <Filter>Crypt\Header Files</Filter>
    </ClInclude>
    <ClInclude Include="..\..\Foundation\include\Poco\Manifest.h">
      <Filter>SharedLibrary\Header Files</Filter>
    </ClInclude>
    <ClInclude Include="..\..\Foundation\include\Poco\MemoryPool.h">
      <Filter>Core\Header Files</Filter>
    </ClInclude>
    <ClInclude Include="..\..\Foundation\include\Poco\MemoryStream.h">
      <Filter>Streams\Header Files</Filter>
    </ClInclude>
    <ClInclude Include="..\..\Foundation\include\Poco\Message.h">
      <Filter>Logging\Header Files</Filter>
    </ClInclude>
    <ClInclude Include="..\..\Foundation\include\Poco\MetaObject.h">
      <Filter>SharedLibrary\Header Files</Filter>
    </ClInclude>
    <ClInclude Include="..\..\Foundation\include\Poco\MetaProgramming.h">
      <Filter>Core\Header Files</Filter>
    </ClInclude>
    <ClInclude Include="..\..\Foundation\include\Poco\Mutex.h">
      <Filter>Threading\Header Files</Filter>
    </ClInclude>
    <ClInclude Include="..\..\Foundation\include\Poco\Mutex_POSIX.h">
      <Filter>Threading\Header Files</Filter>
    </ClInclude>
    <ClInclude Include="..\..\Foundation\include\Poco\Mutex_VX.h">
      <Filter>Threading\Header Files</Filter>
    </ClInclude>
    <ClInclude Include="..\..\Foundation\include\Poco\Mutex_WIN32.h">
      <Filter>Threading\Header Files</Filter>
    </ClInclude>
    <ClInclude Include="..\..\Foundation\include\Poco\Mutex_WINCE.h">
      <Filter>Threading\Header Files</Filter>
    </ClInclude>
    <ClInclude Include="..\..\Foundation\include\Poco\NObserver.h">
      <Filter>Notifications\Header Files</Filter>
    </ClInclude>
    <ClInclude Include="..\..\Foundation\include\Poco\NamedEvent.h">
      <Filter>Processes\Header Files</Filter>
    </ClInclude>
    <ClInclude Include="..\..\Foundation\include\Poco\NamedEvent_Android.h">
      <Filter>Processes\Header Files</Filter>
    </ClInclude>
    <ClInclude Include="..\..\Foundation\include\Poco\NamedEvent_UNIX.h">
      <Filter>Processes\Header Files</Filter>
    </ClInclude>
    <ClInclude Include="..\..\Foundation\include\Poco\NamedEvent_WIN32U.h">
      <Filter>Processes\Header Files</Filter>
    </ClInclude>
    <ClInclude Include="..\..\Foundation\include\Poco\NamedMutex.h">
      <Filter>Processes\Header Files</Filter>
    </ClInclude>
    <ClInclude Include="..\..\Foundation\include\Poco\NamedMutex_Android.h">
      <Filter>Processes\Header Files</Filter>
    </ClInclude>
    <ClInclude Include="..\..\Foundation\include\Poco\NamedMutex_UNIX.h">
      <Filter>Processes\Header Files</Filter>
    </ClInclude>
    <ClInclude Include="..\..\Foundation\include\Poco\NamedMutex_WIN32U.h">
      <Filter>Processes\Header Files</Filter>
    </ClInclude>
    <ClInclude Include="..\..\Foundation\include\Poco\NamedTuple.h">
      <Filter>Core\Header Files</Filter>
    </ClInclude>
    <ClInclude Include="..\..\Foundation\include\Poco\NestedDiagnosticContext.h">
      <Filter>Core\Header Files</Filter>
    </ClInclude>
    <ClInclude Include="..\..\Foundation\include\Poco\Notification.h">
      <Filter>Notifications\Header Files</Filter>
    </ClInclude>
    <ClInclude Include="..\..\Foundation\include\Poco\NotificationCenter.h">
      <Filter>Notifications\Header Files</Filter>
    </ClInclude>
    <ClInclude Include="..\..\Foundation\include\Poco\NotificationQueue.h">
      <Filter>Notifications\Header Files</Filter>
    </ClInclude>
    <ClInclude Include="..\..\Foundation\include\Poco\NotificationStrategy.h">
      <Filter>Events\Header Files</Filter>
    </ClInclude>
    <ClInclude Include="..\..\Foundation\include\Poco\NullChannel.h">
      <Filter>Logging\Header Files</Filter>
    </ClInclude>
    <ClInclude Include="..\..\Foundation\include\Poco\NullStream.h">
      <Filter>Streams\Header Files</Filter>
    </ClInclude>
    <ClInclude Include="..\..\Foundation\include\Poco\Nullable.h">
      <Filter>Core\Header Files</Filter>
    </ClInclude>
    <ClInclude Include="..\..\Foundation\include\Poco\NumberFormatter.h">
      <Filter>Core\Header Files</Filter>
    </ClInclude>
    <ClInclude Include="..\..\Foundation\include\Poco\NumberParser.h">
      <Filter>Core\Header Files</Filter>
    </ClInclude>
    <ClInclude Include="..\..\Foundation\include\Poco\NumericString.h">
      <Filter>Core\Header Files</Filter>
    </ClInclude>
    <ClInclude Include="..\..\Foundation\include\Poco\ObjectPool.h">
      <Filter>Core\Header Files</Filter>
    </ClInclude>
    <ClInclude Include="..\..\Foundation\include\Poco\Observer.h">
      <Filter>Notifications\Header Files</Filter>
    </ClInclude>
    <ClInclude Include="..\..\Foundation\include\Poco\Optional.h">
      <Filter>Core\Header Files</Filter>
    </ClInclude>
    <ClInclude Include="..\..\Foundation\include\Poco\OrderedMap.h">
      <Filter>Core\Header Files</Filter>
    </ClInclude>
    <ClInclude Include="..\..\Foundation\include\Poco\OrderedSet.h">
      <Filter>Core\Header Files</Filter>
    </ClInclude>
    <ClInclude Include="..\..\Foundation\include\Poco\PBKDF2Engine.h">
      <Filter>Crypt\Header Files</Filter>
    </ClInclude>
    <ClInclude Include="..\..\Foundation\include\Poco\Path.h">
      <Filter>Filesystem\Header Files</Filter>
    </ClInclude>
    <ClInclude Include="..\..\Foundation\include\Poco\Path_UNIX.h">
      <Filter>Filesystem\Header Files</Filter>
    </ClInclude>
    <ClInclude Include="..\..\Foundation\include\Poco\Path_WIN32U.h">
      <Filter>Filesystem\Header Files</Filter>
    </ClInclude>
    <ClInclude Include="..\..\Foundation\include\Poco\Path_WINCE.h">
      <Filter>Filesystem\Header Files</Filter>
    </ClInclude>
    <ClInclude Include="..\..\Foundation\include\Poco\PatternFormatter.h">
      <Filter>Logging\Header Files</Filter>
    </ClInclude>
    <ClInclude Include="..\..\Foundation\include\Poco\Pipe.h">
      <Filter>Processes\Header Files</Filter>
    </ClInclude>
    <ClInclude Include="..\..\Foundation\include\Poco\PipeImpl.h">
      <Filter>Processes\Header Files</Filter>
    </ClInclude>
    <ClInclude Include="..\..\Foundation\include\Poco\PipeImpl_DUMMY.h">
      <Filter>Processes\Header Files</Filter>
    </ClInclude>
    <ClInclude Include="..\..\Foundation\include\Poco\PipeImpl_POSIX.h">
      <Filter>Processes\Header Files</Filter>
    </ClInclude>
    <ClInclude Include="..\..\Foundation\include\Poco\PipeImpl_WIN32.h">
      <Filter>Processes\Header Files</Filter>
    </ClInclude>
    <ClInclude Include="..\..\Foundation\include\Poco\PipeStream.h">
      <Filter>Processes\Header Files</Filter>
    </ClInclude>
    <ClInclude Include="..\..\Foundation\include\Poco\Platform.h">
      <Filter>Core\Header Files</Filter>
    </ClInclude>
    <ClInclude Include="..\..\Foundation\include\Poco\Platform_POSIX.h">
      <Filter>Core\Header Files</Filter>
    </ClInclude>
    <ClInclude Include="..\..\Foundation\include\Poco\Platform_VX.h">
      <Filter>Core\Header Files</Filter>
    </ClInclude>
    <ClInclude Include="..\..\Foundation\include\Poco\Platform_WIN32.h">
      <Filter>Core\Header Files</Filter>
    </ClInclude>
    <ClInclude Include="..\..\Foundation\include\Poco\Poco.h">
      <Filter>Core\Header Files</Filter>
    </ClInclude>
    <ClInclude Include="..\..\Foundation\include\Poco\PriorityDelegate.h">
      <Filter>Events\Header Files</Filter>
    </ClInclude>
    <ClInclude Include="..\..\Foundation\include\Poco\PriorityEvent.h">
      <Filter>Events\Header Files</Filter>
    </ClInclude>
    <ClInclude Include="..\..\Foundation\include\Poco\PriorityExpire.h">
      <Filter>Events\Header Files</Filter>
    </ClInclude>
    <ClInclude Include="..\..\Foundation\include\Poco\PriorityNotificationQueue.h">
      <Filter>Notifications\Header Files</Filter>
    </ClInclude>
    <ClInclude Include="..\..\Foundation\include\Poco\PriorityStrategy.h">
      <Filter>Events\Header Files</Filter>
    </ClInclude>
    <ClInclude Include="..\..\Foundation\include\Poco\Process.h">
      <Filter>Processes\Header Files</Filter>
    </ClInclude>
    <ClInclude Include="..\..\Foundation\include\Poco\Process_UNIX.h">
      <Filter>Processes\Header Files</Filter>
    </ClInclude>
    <ClInclude Include="..\..\Foundation\include\Poco\Process_VX.h">
      <Filter>Processes\Header Files</Filter>
    </ClInclude>
    <ClInclude Include="..\..\Foundation\include\Poco\Process_WIN32U.h">
      <Filter>Processes\Header Files</Filter>
    </ClInclude>
    <ClInclude Include="..\..\Foundation\include\Poco\Process_WINCE.h">
      <Filter>Processes\Header Files</Filter>
    </ClInclude>
    <ClInclude Include="..\..\Foundation\include\Poco\PurgeStrategy.h">
      <Filter>Logging\Header Files</Filter>
    </ClInclude>
    <ClInclude Include="..\..\Foundation\include\Poco\RWLock.h">
      <Filter>Threading\Header Files</Filter>
    </ClInclude>
    <ClInclude Include="..\..\Foundation\include\Poco\RWLock_Android.h">
      <Filter>Threading\Header Files</Filter>
    </ClInclude>
    <ClInclude Include="..\..\Foundation\include\Poco\RWLock_POSIX.h">
      <Filter>Threading\Header Files</Filter>
    </ClInclude>
    <ClInclude Include="..\..\Foundation\include\Poco\RWLock_VX.h">
      <Filter>Threading\Header Files</Filter>
    </ClInclude>
    <ClInclude Include="..\..\Foundation\include\Poco\RWLock_WIN32.h">
      <Filter>Threading\Header Files</Filter>
    </ClInclude>
    <ClInclude Include="..\..\Foundation\include\Poco\RWLock_WINCE.h">
      <Filter>Threading\Header Files</Filter>
    </ClInclude>
    <ClInclude Include="..\..\Foundation\include\Poco\Random.h">
      <Filter>Crypt\Header Files</Filter>
    </ClInclude>
    <ClInclude Include="..\..\Foundation\include\Poco\RandomStream.h">
      <Filter>Crypt\Header Files</Filter>
    </ClInclude>
    <ClInclude Include="..\..\Foundation\include\Poco\RecursiveDirectoryIterator.h">
      <Filter>Filesystem\Header Files</Filter>
    </ClInclude>
    <ClInclude Include="..\..\Foundation\include\Poco\RecursiveDirectoryIteratorImpl.h">
      <Filter>Filesystem\Header Files</Filter>
    </ClInclude>
    <ClInclude Include="..\..\Foundation\include\Poco\RefCountedObject.h">
      <Filter>Core\Header Files</Filter>
    </ClInclude>
    <ClInclude Include="..\..\Foundation\include\Poco\RegularExpression.h">
      <Filter>RegExp\Header Files</Filter>
    </ClInclude>
    <ClInclude Include="..\..\Foundation\include\Poco\RotateStrategy.h">
      <Filter>Logging\Header Files</Filter>
    </ClInclude>
    <ClInclude Include="..\..\Foundation\include\Poco\Runnable.h">
      <Filter>Threading\Header Files</Filter>
    </ClInclude>
    <ClInclude Include="..\..\Foundation\include\Poco\RunnableAdapter.h">
      <Filter>Threading\Header Files</Filter>
    </ClInclude>
    <ClInclude Include="..\..\Foundation\include\Poco\SHA1Engine.h">
      <Filter>Crypt\Header Files</Filter>
    </ClInclude>
    <ClInclude Include="..\..\Foundation\include\Poco\SHA2Engine.h">
      <Filter>Crypt\Header Files</Filter>
    </ClInclude>
    <ClInclude Include="..\..\Foundation\include\Poco\ScopedLock.h">
      <Filter>Threading\Header Files</Filter>
    </ClInclude>
    <ClInclude Include="..\..\Foundation\include\Poco\ScopedUnlock.h">
      <Filter>Threading\Header Files</Filter>
    </ClInclude>
    <ClInclude Include="..\..\Foundation\include\Poco\Semaphore.h">
      <Filter>Threading\Header Files</Filter>
    </ClInclude>
    <ClInclude Include="..\..\Foundation\include\Poco\Semaphore_POSIX.h">
      <Filter>Threading\Header Files</Filter>
    </ClInclude>
    <ClInclude Include="..\..\Foundation\include\Poco\Semaphore_VX.h">
      <Filter>Threading\Header Files</Filter>
    </ClInclude>
    <ClInclude Include="..\..\Foundation\include\Poco\Semaphore_WIN32.h">
      <Filter>Threading\Header Files</Filter>
    </ClInclude>
    <ClInclude Include="..\..\Foundation\include\Poco\SharedLibrary.h">
      <Filter>SharedLibrary\Header Files</Filter>
    </ClInclude>
    <ClInclude Include="..\..\Foundation\include\Poco\SharedLibrary_HPUX.h">
      <Filter>SharedLibrary\Header Files</Filter>
    </ClInclude>
    <ClInclude Include="..\..\Foundation\include\Poco\SharedLibrary_UNIX.h">
      <Filter>SharedLibrary\Header Files</Filter>
    </ClInclude>
    <ClInclude Include="..\..\Foundation\include\Poco\SharedLibrary_VX.h">
      <Filter>SharedLibrary\Header Files</Filter>
    </ClInclude>
    <ClInclude Include="..\..\Foundation\include\Poco\SharedLibrary_WIN32U.h">
      <Filter>SharedLibrary\Header Files</Filter>
    </ClInclude>
    <ClInclude Include="..\..\Foundation\include\Poco\SharedMemory.h">
      <Filter>Processes\Header Files</Filter>
    </ClInclude>
    <ClInclude Include="..\..\Foundation\include\Poco\SharedMemory_DUMMY.h">
      <Filter>Processes\Header Files</Filter>
    </ClInclude>
    <ClInclude Include="..\..\Foundation\include\Poco\SharedMemory_POSIX.h">
      <Filter>Processes\Header Files</Filter>
    </ClInclude>
    <ClInclude Include="..\..\Foundation\include\Poco\SharedMemory_WIN32.h">
      <Filter>Processes\Header Files</Filter>
    </ClInclude>
    <ClInclude Include="..\..\Foundation\include\Poco\SharedPtr.h">
      <Filter>Core\Header Files</Filter>
    </ClInclude>
    <ClInclude Include="..\..\Foundation\include\Poco\SignalHandler.h">
      <Filter>Threading\Header Files</Filter>
    </ClInclude>
    <ClInclude Include="..\..\Foundation\include\Poco\SimpleFileChannel.h">
      <Filter>Logging\Header Files</Filter>
    </ClInclude>
    <ClInclude Include="..\..\Foundation\include\Poco\SimpleHashTable.h">
      <Filter>Hashing\Header Files</Filter>
    </ClInclude>
    <ClInclude Include="..\..\Foundation\include\Poco\SingletonHolder.h">
      <Filter>Core\Header Files</Filter>
    </ClInclude>
    <ClInclude Include="..\..\Foundation\include\Poco\SortedDirectoryIterator.h">
      <Filter>Filesystem\Header Files</Filter>
    </ClInclude>
    <ClInclude Include="..\..\Foundation\include\Poco\SplitterChannel.h">
      <Filter>Logging\Header Files</Filter>
    </ClInclude>
    <ClInclude Include="..\..\Foundation\include\Poco\Stopwatch.h">
      <Filter>DateTime\Header Files</Filter>
    </ClInclude>
    <ClInclude Include="..\..\Foundation\include\Poco\StrategyCollection.h">
      <Filter>Cache\Header Files</Filter>
    </ClInclude>
    <ClInclude Include="..\..\Foundation\include\Poco\StreamChannel.h">
      <Filter>Logging\Header Files</Filter>
    </ClInclude>
    <ClInclude Include="..\..\Foundation\include\Poco\StreamConverter.h">
      <Filter>Text\Header Files</Filter>
    </ClInclude>
    <ClInclude Include="..\..\Foundation\include\Poco\StreamCopier.h">
      <Filter>Streams\Header Files</Filter>
    </ClInclude>
    <ClInclude Include="..\..\Foundation\include\Poco\StreamTokenizer.h">
      <Filter>Streams\Header Files</Filter>
    </ClInclude>
    <ClInclude Include="..\..\Foundation\include\Poco\StreamUtil.h">
      <Filter>Streams\Header Files</Filter>
    </ClInclude>
    <ClInclude Include="..\..\Foundation\include\Poco\String.h">
      <Filter>Core\Header Files</Filter>
    </ClInclude>
    <ClInclude Include="..\..\Foundation\include\Poco\StringTokenizer.h">
      <Filter>Core\Header Files</Filter>
    </ClInclude>
    <ClInclude Include="..\..\Foundation\include\Poco\SynchronizedObject.h">
      <Filter>Threading\Header Files</Filter>
    </ClInclude>
    <ClInclude Include="..\..\Foundation\include\Poco\SyslogChannel.h">
      <Filter>Logging\Header Files</Filter>
    </ClInclude>
    <ClInclude Include="..\..\Foundation\include\Poco\Task.h">
      <Filter>Tasks\Header Files</Filter>
    </ClInclude>
    <ClInclude Include="..\..\Foundation\include\Poco\TaskManager.h">
      <Filter>Tasks\Header Files</Filter>
    </ClInclude>
    <ClInclude Include="..\..\Foundation\include\Poco\TaskNotification.h">
      <Filter>Tasks\Header Files</Filter>
    </ClInclude>
    <ClInclude Include="..\..\Foundation\include\Poco\TeeStream.h">
      <Filter>Streams\Header Files</Filter>
    </ClInclude>
    <ClInclude Include="..\..\Foundation\include\Poco\TemporaryFile.h">
      <Filter>Filesystem\Header Files</Filter>
    </ClInclude>
    <ClInclude Include="..\..\Foundation\include\Poco\TextBufferIterator.h">
      <Filter>Text\Header Files</Filter>
    </ClInclude>
    <ClInclude Include="..\..\Foundation\include\Poco\TextConverter.h">
      <Filter>Text\Header Files</Filter>
    </ClInclude>
    <ClInclude Include="..\..\Foundation\include\Poco\TextEncoding.h">
      <Filter>Text\Header Files</Filter>
    </ClInclude>
    <ClInclude Include="..\..\Foundation\include\Poco\TextIterator.h">
      <Filter>Text\Header Files</Filter>
    </ClInclude>
    <ClInclude Include="..\..\Foundation\include\Poco\Thread.h">
      <Filter>Threading\Header Files</Filter>
    </ClInclude>
    <ClInclude Include="..\..\Foundation\include\Poco\ThreadLocal.h">
      <Filter>Threading\Header Files</Filter>
    </ClInclude>
    <ClInclude Include="..\..\Foundation\include\Poco\ThreadPool.h">
      <Filter>Threading\Header Files</Filter>
    </ClInclude>
    <ClInclude Include="..\..\Foundation\include\Poco\ThreadTarget.h">
      <Filter>Threading\Header Files</Filter>
    </ClInclude>
    <ClInclude Include="..\..\Foundation\include\Poco\Thread_POSIX.h">
      <Filter>Threading\Header Files</Filter>
    </ClInclude>
    <ClInclude Include="..\..\Foundation\include\Poco\Thread_VX.h">
      <Filter>Threading\Header Files</Filter>
    </ClInclude>
    <ClInclude Include="..\..\Foundation\include\Poco\Thread_WIN32.h">
      <Filter>Threading\Header Files</Filter>
    </ClInclude>
    <ClInclude Include="..\..\Foundation\include\Poco\Thread_WINCE.h">
      <Filter>Threading\Header Files</Filter>
    </ClInclude>
    <ClInclude Include="..\..\Foundation\include\Poco\TimedNotificationQueue.h">
      <Filter>Notifications\Header Files</Filter>
    </ClInclude>
    <ClInclude Include="..\..\Foundation\include\Poco\Timer.h">
      <Filter>Threading\Header Files</Filter>
    </ClInclude>
    <ClInclude Include="..\..\Foundation\include\Poco\Timespan.h">
      <Filter>DateTime\Header Files</Filter>
    </ClInclude>
    <ClInclude Include="..\..\Foundation\include\Poco\Timestamp.h">
      <Filter>DateTime\Header Files</Filter>
    </ClInclude>
    <ClInclude Include="..\..\Foundation\include\Poco\Timezone.h">
      <Filter>DateTime\Header Files</Filter>
    </ClInclude>
    <ClInclude Include="..\..\Foundation\include\Poco\Token.h">
      <Filter>Streams\Header Files</Filter>
    </ClInclude>
    <ClInclude Include="..\..\Foundation\include\Poco\Tuple.h">
      <Filter>Core\Header Files</Filter>
    </ClInclude>
    <ClInclude Include="..\..\Foundation\include\Poco\TypeList.h">
      <Filter>Core\Header Files</Filter>
    </ClInclude>
    <ClInclude Include="..\..\Foundation\include\Poco\Types.h">
      <Filter>Core\Header Files</Filter>
    </ClInclude>
    <ClInclude Include="..\..\Foundation\include\Poco\URI.h">
      <Filter>URI\Header Files</Filter>
    </ClInclude>
    <ClInclude Include="..\..\Foundation\include\Poco\URIStreamFactory.h">
      <Filter>URI\Header Files</Filter>
    </ClInclude>
    <ClInclude Include="..\..\Foundation\include\Poco\URIStreamOpener.h">
      <Filter>URI\Header Files</Filter>
    </ClInclude>
    <ClInclude Include="..\..\Foundation\include\Poco\UTF16Encoding.h">
      <Filter>Text\Header Files</Filter>
    </ClInclude>
    <ClInclude Include="..\..\Foundation\include\Poco\UTF32Encoding.h">
      <Filter>Text\Header Files</Filter>
    </ClInclude>
    <ClInclude Include="..\..\Foundation\include\Poco\UTF8Encoding.h">
      <Filter>Text\Header Files</Filter>
    </ClInclude>
    <ClInclude Include="..\..\Foundation\include\Poco\UTF8String.h">
      <Filter>Text\Header Files</Filter>
    </ClInclude>
    <ClInclude Include="..\..\Foundation\include\Poco\UTFString.h">
      <Filter>Text\Header Files</Filter>
    </ClInclude>
    <ClInclude Include="..\..\Foundation\include\Poco\UUID.h">
      <Filter>UUID\Header Files</Filter>
    </ClInclude>
    <ClInclude Include="..\..\Foundation\include\Poco\UUIDGenerator.h">
      <Filter>UUID\Header Files</Filter>
    </ClInclude>
    <ClInclude Include="..\..\Foundation\include\Poco\UnWindows.h">
      <Filter>Core\Header Files</Filter>
    </ClInclude>
    <ClInclude Include="..\..\Foundation\include\Poco\UnbufferedStreamBuf.h">
      <Filter>Streams\Header Files</Filter>
    </ClInclude>
    <ClInclude Include="..\..\Foundation\include\Poco\Unicode.h">
      <Filter>Text\Header Files</Filter>
    </ClInclude>
    <ClInclude Include="..\..\Foundation\include\Poco\UnicodeConverter.h">
      <Filter>Text\Header Files</Filter>
    </ClInclude>
    <ClInclude Include="..\..\Foundation\include\Poco\UniqueAccessExpireCache.h">
      <Filter>Cache\Header Files</Filter>
    </ClInclude>
    <ClInclude Include="..\..\Foundation\include\Poco\UniqueAccessExpireLRUCache.h">
      <Filter>Cache\Header Files</Filter>
    </ClInclude>
    <ClInclude Include="..\..\Foundation\include\Poco\UniqueAccessExpireStrategy.h">
      <Filter>Cache\Header Files</Filter>
    </ClInclude>
    <ClInclude Include="..\..\Foundation\include\Poco\UniqueExpireCache.h">
      <Filter>Cache\Header Files</Filter>
    </ClInclude>
    <ClInclude Include="..\..\Foundation\include\Poco\UniqueExpireLRUCache.h">
      <Filter>Cache\Header Files</Filter>
    </ClInclude>
    <ClInclude Include="..\..\Foundation\include\Poco\UniqueExpireStrategy.h">
      <Filter>Cache\Header Files</Filter>
    </ClInclude>
    <ClInclude Include="..\..\Foundation\include\Poco\ValidArgs.h">
      <Filter>Cache\Header Files</Filter>
    </ClInclude>
    <ClInclude Include="..\..\Foundation\include\Poco\Version.h">
      <Filter>Core\Header Files</Filter>
    </ClInclude>
    <ClInclude Include="..\..\Foundation\include\Poco\Void.h">
      <Filter>Core\Header Files</Filter>
    </ClInclude>
    <ClInclude Include="..\..\Foundation\include\Poco\Windows1250Encoding.h">
      <Filter>Text\Header Files</Filter>
    </ClInclude>
    <ClInclude Include="..\..\Foundation\include\Poco\Windows1251Encoding.h">
      <Filter>Text\Header Files</Filter>
    </ClInclude>
    <ClInclude Include="..\..\Foundation\include\Poco\Windows1252Encoding.h">
      <Filter>Text\Header Files</Filter>
    </ClInclude>
    <ClInclude Include="..\..\Foundation\include\Poco\WindowsConsoleChannel.h">
      <Filter>Logging\Header Files</Filter>
    </ClInclude>
    <ClInclude Include="..\..\Foundation\include\Poco\ordered_hash.h">
      <Filter>Unknown\Header Files</Filter>
    </ClInclude>
    <ClInclude Include="..\..\Foundation\include\Poco\ordered_map.h">
      <Filter>Unknown\Header Files</Filter>
    </ClInclude>
    <ClInclude Include="..\..\Foundation\include\Poco\ordered_set.h">
      <Filter>Unknown\Header Files</Filter>
    </ClInclude>
    <ClInclude Include="..\..\Foundation\include\Poco\zconf.h">
      <Filter>zlib\Header Files</Filter>
    </ClInclude>
    <ClInclude Include="..\..\Foundation\include\Poco\zlib.h">
      <Filter>zlib\Header Files</Filter>
    </ClInclude>
    <ClInclude Include=".\pocomsg.h">
      <Filter>Logging\Header Files</Filter>
    </ClInclude>
    <ClInclude Include="..\..\Foundation\src\pocomsg.mc">
      <Filter>Logging\Message Files</Filter>
    </ClInclude>
  </ItemGroup>
  <ItemGroup>
    <CustomBuild Include="..\CMakeFiles\aa23c0771f5717280d9c298405473007\pocomsg.h.rule" />
  </ItemGroup>
  <ItemGroup>
    <ResourceCompile Include="..\..\DLLVersion.rc">
      <Filter>Resources</Filter>
    </ResourceCompile>
  </ItemGroup>
  <ItemGroup>
    <Filter Include="CMake Rules">
      <UniqueIdentifier>{93CA67AC-8A76-3014-B004-1E4D6501E35E}</UniqueIdentifier>
    </Filter>
    <Filter Include="Cache">
      <UniqueIdentifier>{6C880431-C639-32AA-A081-3FE457491AF4}</UniqueIdentifier>
    </Filter>
    <Filter Include="Cache\Header Files">
      <UniqueIdentifier>{4404D5EA-FDF3-30ED-B0D1-4F63EFFF5F7A}</UniqueIdentifier>
    </Filter>
    <Filter Include="Core">
      <UniqueIdentifier>{1FBD10EB-3D03-3AF6-97B2-51A99E2FD566}</UniqueIdentifier>
    </Filter>
    <Filter Include="Core\Header Files">
      <UniqueIdentifier>{235B8DAE-F9FF-33C5-98A3-DC67E8F09AD3}</UniqueIdentifier>
    </Filter>
    <Filter Include="Core\Source Files">
      <UniqueIdentifier>{66123D27-6C0A-309A-AD31-25FAE41E2124}</UniqueIdentifier>
    </Filter>
    <Filter Include="Crypt">
      <UniqueIdentifier>{2679C5E3-964C-3DA2-BF60-A31EF1367269}</UniqueIdentifier>
    </Filter>
    <Filter Include="Crypt\Header Files">
      <UniqueIdentifier>{9670B6A5-E9EF-3DFB-A142-4D6BBE5600C2}</UniqueIdentifier>
    </Filter>
    <Filter Include="Crypt\Source Files">
      <UniqueIdentifier>{2D7D3F51-7BBB-3B4D-BBFC-331E0D6FC6A8}</UniqueIdentifier>
    </Filter>
    <Filter Include="DateTime">
      <UniqueIdentifier>{A45E9833-791F-3572-A659-3300A8CA1472}</UniqueIdentifier>
    </Filter>
    <Filter Include="DateTime\Header Files">
      <UniqueIdentifier>{F5367AE1-7A66-32BF-8F42-D88902FAAED0}</UniqueIdentifier>
    </Filter>
    <Filter Include="DateTime\Source Files">
      <UniqueIdentifier>{A9A8406A-1A6A-3C8F-A4D3-06F638BB8A35}</UniqueIdentifier>
    </Filter>
    <Filter Include="Dynamic">
      <UniqueIdentifier>{9725BAFF-2797-36F7-BA1A-C0BD8E1A7039}</UniqueIdentifier>
    </Filter>
    <Filter Include="Dynamic\Header Files">
      <UniqueIdentifier>{285D0EE6-8DC9-3133-8EC1-1EFE4E7A6C78}</UniqueIdentifier>
    </Filter>
    <Filter Include="Dynamic\Source Files">
      <UniqueIdentifier>{D0589B26-8CD3-3CBB-A638-A39B772E4190}</UniqueIdentifier>
    </Filter>
    <Filter Include="Events">
      <UniqueIdentifier>{5FB35AE6-20C9-3B28-B085-B18AD7E44F42}</UniqueIdentifier>
    </Filter>
    <Filter Include="Events\Header Files">
      <UniqueIdentifier>{CAB2098B-5241-309C-828B-A10A80A9370A}</UniqueIdentifier>
    </Filter>
    <Filter Include="Events\Source Files">
      <UniqueIdentifier>{B45DBD7F-E9A7-3848-8276-6CFF574B6DD5}</UniqueIdentifier>
    </Filter>
    <Filter Include="Filesystem">
      <UniqueIdentifier>{9DC4126B-63FD-3FEE-9ACE-26C064897D73}</UniqueIdentifier>
    </Filter>
    <Filter Include="Filesystem\Header Files">
      <UniqueIdentifier>{48B0B543-12F1-334A-A969-A0FE9044C7C3}</UniqueIdentifier>
    </Filter>
    <Filter Include="Filesystem\Source Files">
      <UniqueIdentifier>{FEF411CD-78D9-3F06-9232-F0C39C5B1EED}</UniqueIdentifier>
    </Filter>
    <Filter Include="Hashing">
      <UniqueIdentifier>{07987C9F-77EC-3F48-AA22-1A853D8AB9A0}</UniqueIdentifier>
    </Filter>
    <Filter Include="Hashing\Header Files">
      <UniqueIdentifier>{F89F0858-3E7C-33F5-96DE-60F46CC51712}</UniqueIdentifier>
    </Filter>
    <Filter Include="Hashing\Source Files">
      <UniqueIdentifier>{3F1EF035-C135-3AF4-942C-34C99B259B16}</UniqueIdentifier>
    </Filter>
    <Filter Include="Logging">
      <UniqueIdentifier>{589CE826-C8A0-394B-A6E8-1ECFDF35C4C5}</UniqueIdentifier>
    </Filter>
    <Filter Include="Logging\Header Files">
      <UniqueIdentifier>{70C594F5-2687-3B22-902E-E85518134D36}</UniqueIdentifier>
    </Filter>
    <Filter Include="Logging\Message Files">
      <UniqueIdentifier>{799EAAA9-7568-3704-81ED-CF09341EC7A7}</UniqueIdentifier>
    </Filter>
    <Filter Include="Logging\Source Files">
      <UniqueIdentifier>{4C8E859A-29F1-33C7-A53F-A9BC771B2659}</UniqueIdentifier>
    </Filter>
    <Filter Include="Notifications">
      <UniqueIdentifier>{5FAE9A83-F1F0-3C74-8894-CD9D717A537F}</UniqueIdentifier>
    </Filter>
    <Filter Include="Notifications\Header Files">
      <UniqueIdentifier>{1C54C765-7D57-3387-AB51-AC19985951BC}</UniqueIdentifier>
    </Filter>
    <Filter Include="Notifications\Source Files">
      <UniqueIdentifier>{0BFD22E4-2F6E-302A-B97F-4ECAE380FDC6}</UniqueIdentifier>
    </Filter>
    <Filter Include="Processes">
      <UniqueIdentifier>{8D49FC05-6B1C-3A6C-B1A2-1ED959D269B9}</UniqueIdentifier>
    </Filter>
    <Filter Include="Processes\Header Files">
      <UniqueIdentifier>{4F3A7A86-85BD-3F31-8C8A-675513F3DBF5}</UniqueIdentifier>
    </Filter>
    <Filter Include="Processes\Source Files">
      <UniqueIdentifier>{2CE32115-1565-35E7-B20A-260506001001}</UniqueIdentifier>
    </Filter>
    <Filter Include="RegExp">
      <UniqueIdentifier>{0F704463-92FB-39F4-946D-DF33C3DA2A5A}</UniqueIdentifier>
    </Filter>
    <Filter Include="RegExp\Header Files">
      <UniqueIdentifier>{0782699C-B318-30BF-86F0-7AD8AEAB3376}</UniqueIdentifier>
    </Filter>
    <Filter Include="RegExp\Source Files">
      <UniqueIdentifier>{006AB167-54AE-355C-9F0F-69C1215A665C}</UniqueIdentifier>
    </Filter>
    <Filter Include="Resources">
      <UniqueIdentifier>{43348BA6-7FF5-3841-8F56-2E76D3A4F241}</UniqueIdentifier>
    </Filter>
    <Filter Include="SharedLibrary">
      <UniqueIdentifier>{E0CF3C1A-8A53-382C-9038-800DCAB692F4}</UniqueIdentifier>
    </Filter>
    <Filter Include="SharedLibrary\Header Files">
      <UniqueIdentifier>{67039F2D-1CC2-3F91-93B1-BCB701716AE0}</UniqueIdentifier>
    </Filter>
    <Filter Include="SharedLibrary\Source Files">
      <UniqueIdentifier>{38BA74C8-5005-318F-AF64-72FBD1A5C63A}</UniqueIdentifier>
    </Filter>
    <Filter Include="Streams">
      <UniqueIdentifier>{D5E16704-7976-3053-99D3-504F746121D3}</UniqueIdentifier>
    </Filter>
    <Filter Include="Streams\Header Files">
      <UniqueIdentifier>{F57DDFF5-D743-366A-98FE-6FFB107CD4BA}</UniqueIdentifier>
    </Filter>
    <Filter Include="Streams\Source Files">
      <UniqueIdentifier>{EB4DED85-E81D-36B0-9A10-980656A8DCF8}</UniqueIdentifier>
    </Filter>
    <Filter Include="Tasks">
      <UniqueIdentifier>{68FC855D-A402-3602-8F8B-6F76827E0487}</UniqueIdentifier>
    </Filter>
    <Filter Include="Tasks\Header Files">
      <UniqueIdentifier>{85287C37-0A9E-389D-A51B-8B08899917DC}</UniqueIdentifier>
    </Filter>
    <Filter Include="Tasks\Source Files">
      <UniqueIdentifier>{6CF6017D-C1FD-39FA-BAE0-43169459FCC3}</UniqueIdentifier>
    </Filter>
    <Filter Include="Text">
      <UniqueIdentifier>{290BE493-203B-3B52-B883-915D6A862CB8}</UniqueIdentifier>
    </Filter>
    <Filter Include="Text\Header Files">
      <UniqueIdentifier>{BD53135F-F351-3598-8B8D-CD43393C1387}</UniqueIdentifier>
    </Filter>
    <Filter Include="Text\Source Files">
      <UniqueIdentifier>{CA08D19A-F319-372C-8E67-4A927412DE45}</UniqueIdentifier>
    </Filter>
    <Filter Include="Threading">
      <UniqueIdentifier>{A46577B4-47C4-316D-8AB6-3BC2BEAFC23A}</UniqueIdentifier>
    </Filter>
    <Filter Include="Threading\Header Files">
      <UniqueIdentifier>{2D3BADE2-720B-3AC1-A43A-84DD7C35211C}</UniqueIdentifier>
    </Filter>
    <Filter Include="Threading\Source Files">
      <UniqueIdentifier>{83A72237-FB66-3440-BC9E-DD6028CCC1D4}</UniqueIdentifier>
    </Filter>
    <Filter Include="URI">
      <UniqueIdentifier>{360739C5-DAAB-37E8-943D-067352FC0D38}</UniqueIdentifier>
    </Filter>
    <Filter Include="URI\Header Files">
      <UniqueIdentifier>{FC45BC1B-9C16-319D-A185-D9D0762605C7}</UniqueIdentifier>
    </Filter>
    <Filter Include="URI\Source Files">
      <UniqueIdentifier>{5A1F598C-AC75-341D-850C-251ECC3CE9C8}</UniqueIdentifier>
    </Filter>
    <Filter Include="UUID">
      <UniqueIdentifier>{91DFDFA1-2CAF-31D8-9456-A6BDFBB920E5}</UniqueIdentifier>
    </Filter>
    <Filter Include="UUID\Header Files">
      <UniqueIdentifier>{A847F036-F73B-3C8C-A4E8-BC114F1D161B}</UniqueIdentifier>
    </Filter>
    <Filter Include="UUID\Source Files">
      <UniqueIdentifier>{374FB417-0BF7-3437-AD2F-F56E552564AE}</UniqueIdentifier>
    </Filter>
    <Filter Include="Unknown">
      <UniqueIdentifier>{D76B9E0D-1000-3B7F-9104-B10CB7E9A8AC}</UniqueIdentifier>
    </Filter>
    <Filter Include="Unknown\Header Files">
      <UniqueIdentifier>{AB7936FD-8E00-3FFE-86EF-BAB6F04C223D}</UniqueIdentifier>
    </Filter>
    <Filter Include="pcre">
      <UniqueIdentifier>{2CC448B8-23DA-3255-9E74-38E431679C26}</UniqueIdentifier>
    </Filter>
    <Filter Include="pcre\Source Files">
      <UniqueIdentifier>{98F05400-8FC2-3956-B895-90EC096793C6}</UniqueIdentifier>
    </Filter>
    <Filter Include="zlib">
      <UniqueIdentifier>{466E1FA0-10F5-3E10-8435-079981FC0ABE}</UniqueIdentifier>
    </Filter>
    <Filter Include="zlib\Header Files">
      <UniqueIdentifier>{01D92C89-CEA7-3E63-AA21-9C473094152E}</UniqueIdentifier>
    </Filter>
    <Filter Include="zlib\Source Files">
      <UniqueIdentifier>{A97D3D5D-3CED-3892-AD4D-99622F82641D}</UniqueIdentifier>
    </Filter>
  </ItemGroup>
</Project>