<?xml version="1.0" encoding="utf-8"?>
<Project ToolsVersion="16.0" xmlns="http://schemas.microsoft.com/developer/msbuild/2003">
  <ItemGroup>
    <ClCompile Include="..\..\Zip\src\Add.cpp">
      <Filter>Manipulation\Source Files</Filter>
    </ClCompile>
    <ClCompile Include="..\..\Zip\src\AutoDetectStream.cpp">
      <Filter>Zip\Source Files</Filter>
    </ClCompile>
    <ClCompile Include="..\..\Zip\src\Compress.cpp">
      <Filter>Zip\Source Files</Filter>
    </ClCompile>
    <ClCompile Include="..\..\Zip\src\Decompress.cpp">
      <Filter>Zip\Source Files</Filter>
    </ClCompile>
    <ClCompile Include="..\..\Zip\src\Delete.cpp">
      <Filter>Manipulation\Source Files</Filter>
    </ClCompile>
    <ClCompile Include="..\..\Zip\src\Keep.cpp">
      <Filter>Manipulation\Source Files</Filter>
    </ClCompile>
    <ClCompile Include="..\..\Zip\src\ParseCallback.cpp">
      <Filter>Zip\Source Files</Filter>
    </ClCompile>
    <ClCompile Include="..\..\Zip\src\PartialStream.cpp">
      <Filter>Zip\Source Files</Filter>
    </ClCompile>
    <ClCompile Include="..\..\Zip\src\Rename.cpp">
      <Filter>Manipulation\Source Files</Filter>
    </ClCompile>
    <ClCompile Include="..\..\Zip\src\Replace.cpp">
      <Filter>Manipulation\Source Files</Filter>
    </ClCompile>
    <ClCompile Include="..\..\Zip\src\SkipCallback.cpp">
      <Filter>Zip\Source Files</Filter>
    </ClCompile>
    <ClCompile Include="..\..\Zip\src\ZipArchive.cpp">
      <Filter>Zip\Source Files</Filter>
    </ClCompile>
    <ClCompile Include="..\..\Zip\src\ZipArchiveInfo.cpp">
      <Filter>Zip\Source Files</Filter>
    </ClCompile>
    <ClCompile Include="..\..\Zip\src\ZipCommon.cpp">
      <Filter>Zip\Source Files</Filter>
    </ClCompile>
    <ClCompile Include="..\..\Zip\src\ZipDataInfo.cpp">
      <Filter>Zip\Source Files</Filter>
    </ClCompile>
    <ClCompile Include="..\..\Zip\src\ZipException.cpp">
      <Filter>Zip\Source Files</Filter>
    </ClCompile>
    <ClCompile Include="..\..\Zip\src\ZipFileInfo.cpp">
      <Filter>Zip\Source Files</Filter>
    </ClCompile>
    <ClCompile Include="..\..\Zip\src\ZipLocalFileHeader.cpp">
      <Filter>Zip\Source Files</Filter>
    </ClCompile>
    <ClCompile Include="..\..\Zip\src\ZipManipulator.cpp">
      <Filter>Manipulation\Source Files</Filter>
    </ClCompile>
    <ClCompile Include="..\..\Zip\src\ZipOperation.cpp">
      <Filter>Manipulation\Source Files</Filter>
    </ClCompile>
    <ClCompile Include="..\..\Zip\src\ZipStream.cpp">
      <Filter>Zip\Source Files</Filter>
    </ClCompile>
    <ClCompile Include="..\..\Zip\src\ZipUtil.cpp">
      <Filter>Zip\Source Files</Filter>
    </ClCompile>
  </ItemGroup>
  <ItemGroup>
    <ClInclude Include="..\..\Zip\include\Poco\Zip\Add.h">
      <Filter>Manipulation\Header Files</Filter>
    </ClInclude>
    <ClInclude Include="..\..\Zip\include\Poco\Zip\AutoDetectStream.h">
      <Filter>Zip\Header Files</Filter>
    </ClInclude>
    <ClInclude Include="..\..\Zip\include\Poco\Zip\Compress.h">
      <Filter>Zip\Header Files</Filter>
    </ClInclude>
    <ClInclude Include="..\..\Zip\include\Poco\Zip\Decompress.h">
      <Filter>Zip\Header Files</Filter>
    </ClInclude>
    <ClInclude Include="..\..\Zip\include\Poco\Zip\Delete.h">
      <Filter>Manipulation\Header Files</Filter>
    </ClInclude>
    <ClInclude Include="..\..\Zip\include\Poco\Zip\Keep.h">
      <Filter>Manipulation\Header Files</Filter>
    </ClInclude>
    <ClInclude Include="..\..\Zip\include\Poco\Zip\ParseCallback.h">
      <Filter>Zip\Header Files</Filter>
    </ClInclude>
    <ClInclude Include="..\..\Zip\include\Poco\Zip\PartialStream.h">
      <Filter>Zip\Header Files</Filter>
    </ClInclude>
    <ClInclude Include="..\..\Zip\include\Poco\Zip\Rename.h">
      <Filter>Manipulation\Header Files</Filter>
    </ClInclude>
    <ClInclude Include="..\..\Zip\include\Poco\Zip\Replace.h">
      <Filter>Manipulation\Header Files</Filter>
    </ClInclude>
    <ClInclude Include="..\..\Zip\include\Poco\Zip\SkipCallback.h">
      <Filter>Zip\Header Files</Filter>
    </ClInclude>
    <ClInclude Include="..\..\Zip\include\Poco\Zip\Zip.h">
      <Filter>Zip\Header Files</Filter>
    </ClInclude>
    <ClInclude Include="..\..\Zip\include\Poco\Zip\ZipArchive.h">
      <Filter>Zip\Header Files</Filter>
    </ClInclude>
    <ClInclude Include="..\..\Zip\include\Poco\Zip\ZipArchiveInfo.h">
      <Filter>Zip\Header Files</Filter>
    </ClInclude>
    <ClInclude Include="..\..\Zip\include\Poco\Zip\ZipCommon.h">
      <Filter>Zip\Header Files</Filter>
    </ClInclude>
    <ClInclude Include="..\..\Zip\include\Poco\Zip\ZipDataInfo.h">
      <Filter>Zip\Header Files</Filter>
    </ClInclude>
    <ClInclude Include="..\..\Zip\include\Poco\Zip\ZipException.h">
      <Filter>Zip\Header Files</Filter>
    </ClInclude>
    <ClInclude Include="..\..\Zip\include\Poco\Zip\ZipFileInfo.h">
      <Filter>Zip\Header Files</Filter>
    </ClInclude>
    <ClInclude Include="..\..\Zip\include\Poco\Zip\ZipLocalFileHeader.h">
      <Filter>Zip\Header Files</Filter>
    </ClInclude>
    <ClInclude Include="..\..\Zip\include\Poco\Zip\ZipManipulator.h">
      <Filter>Manipulation\Header Files</Filter>
    </ClInclude>
    <ClInclude Include="..\..\Zip\include\Poco\Zip\ZipOperation.h">
      <Filter>Manipulation\Header Files</Filter>
    </ClInclude>
    <ClInclude Include="..\..\Zip\include\Poco\Zip\ZipStream.h">
      <Filter>Zip\Header Files</Filter>
    </ClInclude>
    <ClInclude Include="..\..\Zip\include\Poco\Zip\ZipUtil.h">
      <Filter>Zip\Header Files</Filter>
    </ClInclude>
  </ItemGroup>
  <ItemGroup>
    <ResourceCompile Include="..\..\DLLVersion.rc">
      <Filter>Resources</Filter>
    </ResourceCompile>
  </ItemGroup>
  <ItemGroup>
    <Filter Include="Manipulation">
      <UniqueIdentifier>{2778B7B0-972B-3332-B095-B8B0D932774F}</UniqueIdentifier>
    </Filter>
    <Filter Include="Manipulation\Header Files">
      <UniqueIdentifier>{C7F0C00A-9467-3879-8807-A2DC41F09736}</UniqueIdentifier>
    </Filter>
    <Filter Include="Manipulation\Source Files">
      <UniqueIdentifier>{1C6BB931-6A86-3644-BE4A-4A3485215EC2}</UniqueIdentifier>
    </Filter>
    <Filter Include="Resources">
      <UniqueIdentifier>{43348BA6-7FF5-3841-8F56-2E76D3A4F241}</UniqueIdentifier>
    </Filter>
    <Filter Include="Zip">
      <UniqueIdentifier>{9A8CA13D-C8C6-3D92-B436-34B416B0B71E}</UniqueIdentifier>
    </Filter>
    <Filter Include="Zip\Header Files">
      <UniqueIdentifier>{4C4BEFB8-4410-36A2-8A8B-5A8D9F2D85FA}</UniqueIdentifier>
    </Filter>
    <Filter Include="Zip\Source Files">
      <UniqueIdentifier>{9FDC9142-48F1-3A72-BFC7-6260F0F4525B}</UniqueIdentifier>
    </Filter>
  </ItemGroup>
</Project>