<?xml version="1.0" encoding="utf-8"?>
<Project ToolsVersion="16.0" xmlns="http://schemas.microsoft.com/developer/msbuild/2003">
  <ItemGroup>
    <ClCompile Include="..\..\Encodings\src\DoubleByteEncoding.cpp">
      <Filter>Encodings\Source Files</Filter>
    </ClCompile>
    <ClCompile Include="..\..\Encodings\src\Encodings.cpp">
      <Filter>Encodings\Source Files</Filter>
    </ClCompile>
    <ClCompile Include="..\..\Encodings\src\ISO8859_10Encoding.cpp">
      <Filter>Encodings\Source Files</Filter>
    </ClCompile>
    <ClCompile Include="..\..\Encodings\src\ISO8859_11Encoding.cpp">
      <Filter>Encodings\Source Files</Filter>
    </ClCompile>
    <ClCompile Include="..\..\Encodings\src\ISO8859_13Encoding.cpp">
      <Filter>Encodings\Source Files</Filter>
    </ClCompile>
    <ClCompile Include="..\..\Encodings\src\ISO8859_14Encoding.cpp">
      <Filter>Encodings\Source Files</Filter>
    </ClCompile>
    <ClCompile Include="..\..\Encodings\src\ISO8859_16Encoding.cpp">
      <Filter>Encodings\Source Files</Filter>
    </ClCompile>
    <ClCompile Include="..\..\Encodings\src\ISO8859_3Encoding.cpp">
      <Filter>Encodings\Source Files</Filter>
    </ClCompile>
    <ClCompile Include="..\..\Encodings\src\ISO8859_4Encoding.cpp">
      <Filter>Encodings\Source Files</Filter>
    </ClCompile>
    <ClCompile Include="..\..\Encodings\src\ISO8859_5Encoding.cpp">
      <Filter>Encodings\Source Files</Filter>
    </ClCompile>
    <ClCompile Include="..\..\Encodings\src\ISO8859_6Encoding.cpp">
      <Filter>Encodings\Source Files</Filter>
    </ClCompile>
    <ClCompile Include="..\..\Encodings\src\ISO8859_7Encoding.cpp">
      <Filter>Encodings\Source Files</Filter>
    </ClCompile>
    <ClCompile Include="..\..\Encodings\src\ISO8859_8Encoding.cpp">
      <Filter>Encodings\Source Files</Filter>
    </ClCompile>
    <ClCompile Include="..\..\Encodings\src\ISO8859_9Encoding.cpp">
      <Filter>Encodings\Source Files</Filter>
    </ClCompile>
    <ClCompile Include="..\..\Encodings\src\MacCentralEurRomanEncoding.cpp">
      <Filter>Encodings\Source Files</Filter>
    </ClCompile>
    <ClCompile Include="..\..\Encodings\src\MacChineseSimpEncoding.cpp">
      <Filter>Encodings\Source Files</Filter>
    </ClCompile>
    <ClCompile Include="..\..\Encodings\src\MacChineseTradEncoding.cpp">
      <Filter>Encodings\Source Files</Filter>
    </ClCompile>
    <ClCompile Include="..\..\Encodings\src\MacCyrillicEncoding.cpp">
      <Filter>Encodings\Source Files</Filter>
    </ClCompile>
    <ClCompile Include="..\..\Encodings\src\MacJapaneseEncoding.cpp">
      <Filter>Encodings\Source Files</Filter>
    </ClCompile>
    <ClCompile Include="..\..\Encodings\src\MacKoreanEncoding.cpp">
      <Filter>Encodings\Source Files</Filter>
    </ClCompile>
    <ClCompile Include="..\..\Encodings\src\MacRomanEncoding.cpp">
      <Filter>Encodings\Source Files</Filter>
    </ClCompile>
    <ClCompile Include="..\..\Encodings\src\Windows1253Encoding.cpp">
      <Filter>Encodings\Source Files</Filter>
    </ClCompile>
    <ClCompile Include="..\..\Encodings\src\Windows1254Encoding.cpp">
      <Filter>Encodings\Source Files</Filter>
    </ClCompile>
    <ClCompile Include="..\..\Encodings\src\Windows1255Encoding.cpp">
      <Filter>Encodings\Source Files</Filter>
    </ClCompile>
    <ClCompile Include="..\..\Encodings\src\Windows1256Encoding.cpp">
      <Filter>Encodings\Source Files</Filter>
    </ClCompile>
    <ClCompile Include="..\..\Encodings\src\Windows1257Encoding.cpp">
      <Filter>Encodings\Source Files</Filter>
    </ClCompile>
    <ClCompile Include="..\..\Encodings\src\Windows1258Encoding.cpp">
      <Filter>Encodings\Source Files</Filter>
    </ClCompile>
    <ClCompile Include="..\..\Encodings\src\Windows874Encoding.cpp">
      <Filter>Encodings\Source Files</Filter>
    </ClCompile>
    <ClCompile Include="..\..\Encodings\src\Windows932Encoding.cpp">
      <Filter>Encodings\Source Files</Filter>
    </ClCompile>
    <ClCompile Include="..\..\Encodings\src\Windows936Encoding.cpp">
      <Filter>Encodings\Source Files</Filter>
    </ClCompile>
    <ClCompile Include="..\..\Encodings\src\Windows949Encoding.cpp">
      <Filter>Encodings\Source Files</Filter>
    </ClCompile>
    <ClCompile Include="..\..\Encodings\src\Windows950Encoding.cpp">
      <Filter>Encodings\Source Files</Filter>
    </ClCompile>
  </ItemGroup>
  <ItemGroup>
    <ClInclude Include="..\..\Encodings\include\Poco\DoubleByteEncoding.h">
      <Filter>Encodings\Header Files</Filter>
    </ClInclude>
    <ClInclude Include="..\..\Encodings\include\Poco\Encodings.h">
      <Filter>Encodings\Header Files</Filter>
    </ClInclude>
    <ClInclude Include="..\..\Encodings\include\Poco\ISO8859_10Encoding.h">
      <Filter>Encodings\Header Files</Filter>
    </ClInclude>
    <ClInclude Include="..\..\Encodings\include\Poco\ISO8859_11Encoding.h">
      <Filter>Encodings\Header Files</Filter>
    </ClInclude>
    <ClInclude Include="..\..\Encodings\include\Poco\ISO8859_13Encoding.h">
      <Filter>Encodings\Header Files</Filter>
    </ClInclude>
    <ClInclude Include="..\..\Encodings\include\Poco\ISO8859_14Encoding.h">
      <Filter>Encodings\Header Files</Filter>
    </ClInclude>
    <ClInclude Include="..\..\Encodings\include\Poco\ISO8859_16Encoding.h">
      <Filter>Encodings\Header Files</Filter>
    </ClInclude>
    <ClInclude Include="..\..\Encodings\include\Poco\ISO8859_3Encoding.h">
      <Filter>Encodings\Header Files</Filter>
    </ClInclude>
    <ClInclude Include="..\..\Encodings\include\Poco\ISO8859_4Encoding.h">
      <Filter>Encodings\Header Files</Filter>
    </ClInclude>
    <ClInclude Include="..\..\Encodings\include\Poco\ISO8859_5Encoding.h">
      <Filter>Encodings\Header Files</Filter>
    </ClInclude>
    <ClInclude Include="..\..\Encodings\include\Poco\ISO8859_6Encoding.h">
      <Filter>Encodings\Header Files</Filter>
    </ClInclude>
    <ClInclude Include="..\..\Encodings\include\Poco\ISO8859_7Encoding.h">
      <Filter>Encodings\Header Files</Filter>
    </ClInclude>
    <ClInclude Include="..\..\Encodings\include\Poco\ISO8859_8Encoding.h">
      <Filter>Encodings\Header Files</Filter>
    </ClInclude>
    <ClInclude Include="..\..\Encodings\include\Poco\ISO8859_9Encoding.h">
      <Filter>Encodings\Header Files</Filter>
    </ClInclude>
    <ClInclude Include="..\..\Encodings\include\Poco\MacCentralEurRomanEncoding.h">
      <Filter>Encodings\Header Files</Filter>
    </ClInclude>
    <ClInclude Include="..\..\Encodings\include\Poco\MacChineseSimpEncoding.h">
      <Filter>Encodings\Header Files</Filter>
    </ClInclude>
    <ClInclude Include="..\..\Encodings\include\Poco\MacChineseTradEncoding.h">
      <Filter>Encodings\Header Files</Filter>
    </ClInclude>
    <ClInclude Include="..\..\Encodings\include\Poco\MacCyrillicEncoding.h">
      <Filter>Encodings\Header Files</Filter>
    </ClInclude>
    <ClInclude Include="..\..\Encodings\include\Poco\MacJapaneseEncoding.h">
      <Filter>Encodings\Header Files</Filter>
    </ClInclude>
    <ClInclude Include="..\..\Encodings\include\Poco\MacKoreanEncoding.h">
      <Filter>Encodings\Header Files</Filter>
    </ClInclude>
    <ClInclude Include="..\..\Encodings\include\Poco\MacRomanEncoding.h">
      <Filter>Encodings\Header Files</Filter>
    </ClInclude>
    <ClInclude Include="..\..\Encodings\include\Poco\Windows1253Encoding.h">
      <Filter>Encodings\Header Files</Filter>
    </ClInclude>
    <ClInclude Include="..\..\Encodings\include\Poco\Windows1254Encoding.h">
      <Filter>Encodings\Header Files</Filter>
    </ClInclude>
    <ClInclude Include="..\..\Encodings\include\Poco\Windows1255Encoding.h">
      <Filter>Encodings\Header Files</Filter>
    </ClInclude>
    <ClInclude Include="..\..\Encodings\include\Poco\Windows1256Encoding.h">
      <Filter>Encodings\Header Files</Filter>
    </ClInclude>
    <ClInclude Include="..\..\Encodings\include\Poco\Windows1257Encoding.h">
      <Filter>Encodings\Header Files</Filter>
    </ClInclude>
    <ClInclude Include="..\..\Encodings\include\Poco\Windows1258Encoding.h">
      <Filter>Encodings\Header Files</Filter>
    </ClInclude>
    <ClInclude Include="..\..\Encodings\include\Poco\Windows874Encoding.h">
      <Filter>Encodings\Header Files</Filter>
    </ClInclude>
    <ClInclude Include="..\..\Encodings\include\Poco\Windows932Encoding.h">
      <Filter>Encodings\Header Files</Filter>
    </ClInclude>
    <ClInclude Include="..\..\Encodings\include\Poco\Windows936Encoding.h">
      <Filter>Encodings\Header Files</Filter>
    </ClInclude>
    <ClInclude Include="..\..\Encodings\include\Poco\Windows949Encoding.h">
      <Filter>Encodings\Header Files</Filter>
    </ClInclude>
    <ClInclude Include="..\..\Encodings\include\Poco\Windows950Encoding.h">
      <Filter>Encodings\Header Files</Filter>
    </ClInclude>
  </ItemGroup>
  <ItemGroup>
    <ResourceCompile Include="..\..\DLLVersion.rc">
      <Filter>Resources</Filter>
    </ResourceCompile>
  </ItemGroup>
  <ItemGroup>
    <Filter Include="Encodings">
      <UniqueIdentifier>{2BDF4157-24CC-35FF-BD31-AF00D6DFD6A4}</UniqueIdentifier>
    </Filter>
    <Filter Include="Encodings\Header Files">
      <UniqueIdentifier>{85AB8BB4-7A36-3B10-AF3F-C1D06F7B3D00}</UniqueIdentifier>
    </Filter>
    <Filter Include="Encodings\Source Files">
      <UniqueIdentifier>{30A326A6-FDE0-35BB-B0A3-F307D7421DAC}</UniqueIdentifier>
    </Filter>
    <Filter Include="Resources">
      <UniqueIdentifier>{43348BA6-7FF5-3841-8F56-2E76D3A4F241}</UniqueIdentifier>
    </Filter>
  </ItemGroup>
</Project>