<?xml version="1.0" encoding="utf-8"?>
<Project ToolsVersion="16.0" xmlns="http://schemas.microsoft.com/developer/msbuild/2003">
  <ItemGroup>
    <ClCompile Include="..\..\NetSSL_OpenSSL\src\AcceptCertificateHandler.cpp">
      <Filter>SSLCore\Source Files</Filter>
    </ClCompile>
    <ClCompile Include="..\..\NetSSL_OpenSSL\src\CertificateHandlerFactory.cpp">
      <Filter>SSLCore\Source Files</Filter>
    </ClCompile>
    <ClCompile Include="..\..\NetSSL_OpenSSL\src\CertificateHandlerFactoryMgr.cpp">
      <Filter>SSLCore\Source Files</Filter>
    </ClCompile>
    <ClCompile Include="..\..\NetSSL_OpenSSL\src\ConsoleCertificateHandler.cpp">
      <Filter>SSLCore\Source Files</Filter>
    </ClCompile>
    <ClCompile Include="..\..\NetSSL_OpenSSL\src\Context.cpp">
      <Filter>SSLCore\Source Files</Filter>
    </ClCompile>
    <ClCompile Include="..\..\NetSSL_OpenSSL\src\FTPSClientSession.cpp">
      <Filter>FTPS\Source Files</Filter>
    </ClCompile>
    <ClCompile Include="..\..\NetSSL_OpenSSL\src\FTPSStreamFactory.cpp">
      <Filter>FTPS\Source Files</Filter>
    </ClCompile>
    <ClCompile Include="..\..\NetSSL_OpenSSL\src\HTTPSClientSession.cpp">
      <Filter>HTTPSClient\Source Files</Filter>
    </ClCompile>
    <ClCompile Include="..\..\NetSSL_OpenSSL\src\HTTPSSessionInstantiator.cpp">
      <Filter>HTTPSClient\Source Files</Filter>
    </ClCompile>
    <ClCompile Include="..\..\NetSSL_OpenSSL\src\HTTPSStreamFactory.cpp">
      <Filter>HTTPSClient\Source Files</Filter>
    </ClCompile>
    <ClCompile Include="..\..\NetSSL_OpenSSL\src\InvalidCertificateHandler.cpp">
      <Filter>SSLCore\Source Files</Filter>
    </ClCompile>
    <ClCompile Include="..\..\NetSSL_OpenSSL\src\KeyConsoleHandler.cpp">
      <Filter>SSLCore\Source Files</Filter>
    </ClCompile>
    <ClCompile Include="..\..\NetSSL_OpenSSL\src\KeyFileHandler.cpp">
      <Filter>SSLCore\Source Files</Filter>
    </ClCompile>
    <ClCompile Include="..\..\NetSSL_OpenSSL\src\PrivateKeyFactory.cpp">
      <Filter>SSLCore\Source Files</Filter>
    </ClCompile>
    <ClCompile Include="..\..\NetSSL_OpenSSL\src\PrivateKeyFactoryMgr.cpp">
      <Filter>SSLCore\Source Files</Filter>
    </ClCompile>
    <ClCompile Include="..\..\NetSSL_OpenSSL\src\PrivateKeyPassphraseHandler.cpp">
      <Filter>SSLCore\Source Files</Filter>
    </ClCompile>
    <ClCompile Include="..\..\NetSSL_OpenSSL\src\RejectCertificateHandler.cpp">
      <Filter>SSLCore\Source Files</Filter>
    </ClCompile>
    <ClCompile Include="..\..\NetSSL_OpenSSL\src\SSLException.cpp">
      <Filter>SSLCore\Source Files</Filter>
    </ClCompile>
    <ClCompile Include="..\..\NetSSL_OpenSSL\src\SSLManager.cpp">
      <Filter>SSLCore\Source Files</Filter>
    </ClCompile>
    <ClCompile Include="..\..\NetSSL_OpenSSL\src\SecureSMTPClientSession.cpp">
      <Filter>Mail\Source Files</Filter>
    </ClCompile>
    <ClCompile Include="..\..\NetSSL_OpenSSL\src\SecureServerSocket.cpp">
      <Filter>SSLSockets\Source Files</Filter>
    </ClCompile>
    <ClCompile Include="..\..\NetSSL_OpenSSL\src\SecureServerSocketImpl.cpp">
      <Filter>SSLSockets\Source Files</Filter>
    </ClCompile>
    <ClCompile Include="..\..\NetSSL_OpenSSL\src\SecureSocketImpl.cpp">
      <Filter>SSLSockets\Source Files</Filter>
    </ClCompile>
    <ClCompile Include="..\..\NetSSL_OpenSSL\src\SecureStreamSocket.cpp">
      <Filter>SSLSockets\Source Files</Filter>
    </ClCompile>
    <ClCompile Include="..\..\NetSSL_OpenSSL\src\SecureStreamSocketImpl.cpp">
      <Filter>SSLSockets\Source Files</Filter>
    </ClCompile>
    <ClCompile Include="..\..\NetSSL_OpenSSL\src\Session.cpp">
      <Filter>SSLCore\Source Files</Filter>
    </ClCompile>
    <ClCompile Include="..\..\NetSSL_OpenSSL\src\Utility.cpp">
      <Filter>SSLCore\Source Files</Filter>
    </ClCompile>
    <ClCompile Include="..\..\NetSSL_OpenSSL\src\VerificationErrorArgs.cpp">
      <Filter>SSLCore\Source Files</Filter>
    </ClCompile>
    <ClCompile Include="..\..\NetSSL_OpenSSL\src\X509Certificate.cpp">
      <Filter>SSLCore\Source Files</Filter>
    </ClCompile>
  </ItemGroup>
  <ItemGroup>
    <ClInclude Include="..\..\NetSSL_OpenSSL\include\Poco\Net\AcceptCertificateHandler.h">
      <Filter>SSLCore\Header Files</Filter>
    </ClInclude>
    <ClInclude Include="..\..\NetSSL_OpenSSL\include\Poco\Net\CertificateHandlerFactory.h">
      <Filter>SSLCore\Header Files</Filter>
    </ClInclude>
    <ClInclude Include="..\..\NetSSL_OpenSSL\include\Poco\Net\CertificateHandlerFactoryMgr.h">
      <Filter>SSLCore\Header Files</Filter>
    </ClInclude>
    <ClInclude Include="..\..\NetSSL_OpenSSL\include\Poco\Net\ConsoleCertificateHandler.h">
      <Filter>SSLCore\Header Files</Filter>
    </ClInclude>
    <ClInclude Include="..\..\NetSSL_OpenSSL\include\Poco\Net\Context.h">
      <Filter>SSLCore\Header Files</Filter>
    </ClInclude>
    <ClInclude Include="..\..\NetSSL_OpenSSL\include\Poco\Net\FTPSClientSession.h">
      <Filter>FTPS\Header Files</Filter>
    </ClInclude>
    <ClInclude Include="..\..\NetSSL_OpenSSL\include\Poco\Net\FTPSStreamFactory.h">
      <Filter>FTPS\Header Files</Filter>
    </ClInclude>
    <ClInclude Include="..\..\NetSSL_OpenSSL\include\Poco\Net\HTTPSClientSession.h">
      <Filter>HTTPSClient\Header Files</Filter>
    </ClInclude>
    <ClInclude Include="..\..\NetSSL_OpenSSL\include\Poco\Net\HTTPSSessionInstantiator.h">
      <Filter>HTTPSClient\Header Files</Filter>
    </ClInclude>
    <ClInclude Include="..\..\NetSSL_OpenSSL\include\Poco\Net\HTTPSStreamFactory.h">
      <Filter>HTTPSClient\Header Files</Filter>
    </ClInclude>
    <ClInclude Include="..\..\NetSSL_OpenSSL\include\Poco\Net\InvalidCertificateHandler.h">
      <Filter>SSLCore\Header Files</Filter>
    </ClInclude>
    <ClInclude Include="..\..\NetSSL_OpenSSL\include\Poco\Net\KeyConsoleHandler.h">
      <Filter>SSLCore\Header Files</Filter>
    </ClInclude>
    <ClInclude Include="..\..\NetSSL_OpenSSL\include\Poco\Net\KeyFileHandler.h">
      <Filter>SSLCore\Header Files</Filter>
    </ClInclude>
    <ClInclude Include="..\..\NetSSL_OpenSSL\include\Poco\Net\NetSSL.h">
      <Filter>SSLCore\Header Files</Filter>
    </ClInclude>
    <ClInclude Include="..\..\NetSSL_OpenSSL\include\Poco\Net\PrivateKeyFactory.h">
      <Filter>SSLCore\Header Files</Filter>
    </ClInclude>
    <ClInclude Include="..\..\NetSSL_OpenSSL\include\Poco\Net\PrivateKeyFactoryMgr.h">
      <Filter>SSLCore\Header Files</Filter>
    </ClInclude>
    <ClInclude Include="..\..\NetSSL_OpenSSL\include\Poco\Net\PrivateKeyPassphraseHandler.h">
      <Filter>SSLCore\Header Files</Filter>
    </ClInclude>
    <ClInclude Include="..\..\NetSSL_OpenSSL\include\Poco\Net\RejectCertificateHandler.h">
      <Filter>SSLCore\Header Files</Filter>
    </ClInclude>
    <ClInclude Include="..\..\NetSSL_OpenSSL\include\Poco\Net\SSLException.h">
      <Filter>SSLCore\Header Files</Filter>
    </ClInclude>
    <ClInclude Include="..\..\NetSSL_OpenSSL\include\Poco\Net\SSLManager.h">
      <Filter>SSLCore\Header Files</Filter>
    </ClInclude>
    <ClInclude Include="..\..\NetSSL_OpenSSL\include\Poco\Net\SecureSMTPClientSession.h">
      <Filter>Mail\Header Files</Filter>
    </ClInclude>
    <ClInclude Include="..\..\NetSSL_OpenSSL\include\Poco\Net\SecureServerSocket.h">
      <Filter>SSLSockets\Header Files</Filter>
    </ClInclude>
    <ClInclude Include="..\..\NetSSL_OpenSSL\include\Poco\Net\SecureServerSocketImpl.h">
      <Filter>SSLSockets\Header Files</Filter>
    </ClInclude>
    <ClInclude Include="..\..\NetSSL_OpenSSL\include\Poco\Net\SecureSocketImpl.h">
      <Filter>SSLSockets\Header Files</Filter>
    </ClInclude>
    <ClInclude Include="..\..\NetSSL_OpenSSL\include\Poco\Net\SecureStreamSocket.h">
      <Filter>SSLSockets\Header Files</Filter>
    </ClInclude>
    <ClInclude Include="..\..\NetSSL_OpenSSL\include\Poco\Net\SecureStreamSocketImpl.h">
      <Filter>SSLSockets\Header Files</Filter>
    </ClInclude>
    <ClInclude Include="..\..\NetSSL_OpenSSL\include\Poco\Net\Session.h">
      <Filter>SSLCore\Header Files</Filter>
    </ClInclude>
    <ClInclude Include="..\..\NetSSL_OpenSSL\include\Poco\Net\Utility.h">
      <Filter>SSLCore\Header Files</Filter>
    </ClInclude>
    <ClInclude Include="..\..\NetSSL_OpenSSL\include\Poco\Net\VerificationErrorArgs.h">
      <Filter>SSLCore\Header Files</Filter>
    </ClInclude>
    <ClInclude Include="..\..\NetSSL_OpenSSL\include\Poco\Net\X509Certificate.h">
      <Filter>SSLCore\Header Files</Filter>
    </ClInclude>
  </ItemGroup>
  <ItemGroup>
    <ResourceCompile Include="..\..\DLLVersion.rc">
      <Filter>Resources</Filter>
    </ResourceCompile>
  </ItemGroup>
  <ItemGroup>
    <Filter Include="FTPS">
      <UniqueIdentifier>{801DC6BF-09FD-37AC-90C6-53E96ABFC8F7}</UniqueIdentifier>
    </Filter>
    <Filter Include="FTPS\Header Files">
      <UniqueIdentifier>{81022DB2-1B63-35BD-8C64-6EF970D9C107}</UniqueIdentifier>
    </Filter>
    <Filter Include="FTPS\Source Files">
      <UniqueIdentifier>{0B205E9D-C74E-3091-B64E-D8B9F027A237}</UniqueIdentifier>
    </Filter>
    <Filter Include="HTTPSClient">
      <UniqueIdentifier>{8D59C2E7-3EA6-3973-80AB-71F598123234}</UniqueIdentifier>
    </Filter>
    <Filter Include="HTTPSClient\Header Files">
      <UniqueIdentifier>{4B31426E-F833-319E-8A3B-DEBC06790C23}</UniqueIdentifier>
    </Filter>
    <Filter Include="HTTPSClient\Source Files">
      <UniqueIdentifier>{2369A708-FAE2-3EF2-A8A8-A11FB66859BC}</UniqueIdentifier>
    </Filter>
    <Filter Include="Mail">
      <UniqueIdentifier>{FF0ADE38-4F86-318E-AD16-661939D9CDDC}</UniqueIdentifier>
    </Filter>
    <Filter Include="Mail\Header Files">
      <UniqueIdentifier>{F5FB8BE9-94C3-3031-BB58-49B269CF3227}</UniqueIdentifier>
    </Filter>
    <Filter Include="Mail\Source Files">
      <UniqueIdentifier>{74F4FE0A-2027-32BB-820B-6A024ED59561}</UniqueIdentifier>
    </Filter>
    <Filter Include="Resources">
      <UniqueIdentifier>{43348BA6-7FF5-3841-8F56-2E76D3A4F241}</UniqueIdentifier>
    </Filter>
    <Filter Include="SSLCore">
      <UniqueIdentifier>{C09C35C2-A4BB-30CB-8901-94B952FD139C}</UniqueIdentifier>
    </Filter>
    <Filter Include="SSLCore\Header Files">
      <UniqueIdentifier>{721F6AFE-D153-3104-9AF7-EE614D6B738F}</UniqueIdentifier>
    </Filter>
    <Filter Include="SSLCore\Source Files">
      <UniqueIdentifier>{EA4AD281-A32B-3447-A3FB-68541BF2B659}</UniqueIdentifier>
    </Filter>
    <Filter Include="SSLSockets">
      <UniqueIdentifier>{D2DC8874-C2FA-344E-A26F-924F4259714E}</UniqueIdentifier>
    </Filter>
    <Filter Include="SSLSockets\Header Files">
      <UniqueIdentifier>{AA434287-DDBD-3623-878B-E25477FF400D}</UniqueIdentifier>
    </Filter>
    <Filter Include="SSLSockets\Source Files">
      <UniqueIdentifier>{992BC5DB-4858-3EAE-80EA-5F2D6EF19BFC}</UniqueIdentifier>
    </Filter>
  </ItemGroup>
</Project>