Microsoft Visual Studio Solution File, Format Version 12.00
# Visual Studio Version 16
VisualStudioVersion = 16.0.30225.117
MinimumVisualStudioVersion = 10.0.40219.1
Project("{8BC9CEB8-8B4A-11D0-8D11-00A0C91BC942}") = "Crypto", "Crypto\Crypto.vcxproj", "{643E54AE-CC8B-3DB8-A940-748D73907795}"
	ProjectSection(ProjectDependencies) = postProject
		{075E7345-F58C-39C8-B0F8-FB1011DD7865} = {075E7345-F58C-39C8-B0F8-FB1011DD7865}
	EndProjectSection
EndProject
Project("{8BC9CEB8-8B4A-11D0-8D11-00A0C91BC942}") = "Data", "Data\Data.vcxproj", "{51F164D0-3A78-3AF0-B74D-B4E2924497C3}"
	ProjectSection(ProjectDependencies) = postProject
		{075E7345-F58C-39C8-B0F8-FB1011DD7865} = {075E7345-F58C-39C8-B0F8-FB1011DD7865}
	EndProjectSection
EndProject
Project("{8BC9CEB8-8B4A-11D0-8D11-00A0C91BC942}") = "DataODBC", "Data\ODBC\DataODBC.vcxproj", "{7F41CB20-89CE-3C66-BAC3-681DB351102B}"
	ProjectSection(ProjectDependencies) = postProject
		{51F164D0-3A78-3AF0-B74D-B4E2924497C3} = {51F164D0-3A78-3AF0-B74D-B4E2924497C3}
		{075E7345-F58C-39C8-B0F8-FB1011DD7865} = {075E7345-F58C-39C8-B0F8-FB1011DD7865}
	EndProjectSection
EndProject
Project("{8BC9CEB8-8B4A-11D0-8D11-00A0C91BC942}") = "DataSQLite", "Data\SQLite\DataSQLite.vcxproj", "{CBB52FBB-7677-3C7B-9983-D5947FA4A0DE}"
	ProjectSection(ProjectDependencies) = postProject
		{51F164D0-3A78-3AF0-B74D-B4E2924497C3} = {51F164D0-3A78-3AF0-B74D-B4E2924497C3}
		{075E7345-F58C-39C8-B0F8-FB1011DD7865} = {075E7345-F58C-39C8-B0F8-FB1011DD7865}
	EndProjectSection
EndProject
Project("{8BC9CEB8-8B4A-11D0-8D11-00A0C91BC942}") = "Encodings", "Encodings\Encodings.vcxproj", "{C59370F0-5835-34A3-8E85-B3C5757BF0AF}"
	ProjectSection(ProjectDependencies) = postProject
		{075E7345-F58C-39C8-B0F8-FB1011DD7865} = {075E7345-F58C-39C8-B0F8-FB1011DD7865}
	EndProjectSection
EndProject
Project("{8BC9CEB8-8B4A-11D0-8D11-00A0C91BC942}") = "File2Page", "PageCompiler\File2Page\File2Page.vcxproj", "{AEE3F726-5CC9-3EB3-BF84-39508BC614C5}"
	ProjectSection(ProjectDependencies) = postProject
		{075E7345-F58C-39C8-B0F8-FB1011DD7865} = {075E7345-F58C-39C8-B0F8-FB1011DD7865}
		{EBC8D4D8-77E6-3472-8711-92F4B9D2134E} = {EBC8D4D8-77E6-3472-8711-92F4B9D2134E}
		{1FB66D49-4F19-3226-A077-E5CEF4B17047} = {1FB66D49-4F19-3226-A077-E5CEF4B17047}
		{5C6613FD-F5FC-30F6-A1C7-39402EFCC280} = {5C6613FD-F5FC-30F6-A1C7-39402EFCC280}
	EndProjectSection
EndProject
Project("{8BC9CEB8-8B4A-11D0-8D11-00A0C91BC942}") = "Foundation", "Foundation\Foundation.vcxproj", "{075E7345-F58C-39C8-B0F8-FB1011DD7865}"
EndProject
Project("{8BC9CEB8-8B4A-11D0-8D11-00A0C91BC942}") = "JSON", "JSON\JSON.vcxproj", "{EBC8D4D8-77E6-3472-8711-92F4B9D2134E}"
	ProjectSection(ProjectDependencies) = postProject
		{075E7345-F58C-39C8-B0F8-FB1011DD7865} = {075E7345-F58C-39C8-B0F8-FB1011DD7865}
	EndProjectSection
EndProject
Project("{8BC9CEB8-8B4A-11D0-8D11-00A0C91BC942}") = "JWT", "JWT\JWT.vcxproj", "{A16D1EAD-AC96-3A37-AB0B-8FAF733506AD}"
	ProjectSection(ProjectDependencies) = postProject
		{643E54AE-CC8B-3DB8-A940-748D73907795} = {643E54AE-CC8B-3DB8-A940-748D73907795}
		{075E7345-F58C-39C8-B0F8-FB1011DD7865} = {075E7345-F58C-39C8-B0F8-FB1011DD7865}
		{EBC8D4D8-77E6-3472-8711-92F4B9D2134E} = {EBC8D4D8-77E6-3472-8711-92F4B9D2134E}
	EndProjectSection
EndProject
Project("{8BC9CEB8-8B4A-11D0-8D11-00A0C91BC942}") = "MongoDB", "MongoDB\MongoDB.vcxproj", "{6DD33B05-FD26-3412-A050-DE1F7FF634CF}"
	ProjectSection(ProjectDependencies) = postProject
		{075E7345-F58C-39C8-B0F8-FB1011DD7865} = {075E7345-F58C-39C8-B0F8-FB1011DD7865}
		{AAF762BB-F36D-3B94-A171-00807327FCE2} = {AAF762BB-F36D-3B94-A171-00807327FCE2}
	EndProjectSection
EndProject
Project("{8BC9CEB8-8B4A-11D0-8D11-00A0C91BC942}") = "Net", "Net\Net.vcxproj", "{AAF762BB-F36D-3B94-A171-00807327FCE2}"
	ProjectSection(ProjectDependencies) = postProject
		{075E7345-F58C-39C8-B0F8-FB1011DD7865} = {075E7345-F58C-39C8-B0F8-FB1011DD7865}
	EndProjectSection
EndProject
Project("{8BC9CEB8-8B4A-11D0-8D11-00A0C91BC942}") = "NetSSL", "NetSSL_OpenSSL\NetSSL.vcxproj", "{8D7DA7C1-6748-3D5D-93C9-3B5BC05A87A5}"
	ProjectSection(ProjectDependencies) = postProject
		{643E54AE-CC8B-3DB8-A940-748D73907795} = {643E54AE-CC8B-3DB8-A940-748D73907795}
		{075E7345-F58C-39C8-B0F8-FB1011DD7865} = {075E7345-F58C-39C8-B0F8-FB1011DD7865}
		{EBC8D4D8-77E6-3472-8711-92F4B9D2134E} = {EBC8D4D8-77E6-3472-8711-92F4B9D2134E}
		{AAF762BB-F36D-3B94-A171-00807327FCE2} = {AAF762BB-F36D-3B94-A171-00807327FCE2}
		{1FB66D49-4F19-3226-A077-E5CEF4B17047} = {1FB66D49-4F19-3226-A077-E5CEF4B17047}
		{5C6613FD-F5FC-30F6-A1C7-39402EFCC280} = {5C6613FD-F5FC-30F6-A1C7-39402EFCC280}
	EndProjectSection
EndProject
Project("{8BC9CEB8-8B4A-11D0-8D11-00A0C91BC942}") = "PageCompiler", "PageCompiler\PageCompiler.vcxproj", "{7D41C9FB-6CD8-328B-BBC3-AB1A37D1E1E2}"
	ProjectSection(ProjectDependencies) = postProject
		{075E7345-F58C-39C8-B0F8-FB1011DD7865} = {075E7345-F58C-39C8-B0F8-FB1011DD7865}
		{EBC8D4D8-77E6-3472-8711-92F4B9D2134E} = {EBC8D4D8-77E6-3472-8711-92F4B9D2134E}
		{AAF762BB-F36D-3B94-A171-00807327FCE2} = {AAF762BB-F36D-3B94-A171-00807327FCE2}
		{1FB66D49-4F19-3226-A077-E5CEF4B17047} = {1FB66D49-4F19-3226-A077-E5CEF4B17047}
		{5C6613FD-F5FC-30F6-A1C7-39402EFCC280} = {5C6613FD-F5FC-30F6-A1C7-39402EFCC280}
	EndProjectSection
EndProject
Project("{8BC9CEB8-8B4A-11D0-8D11-00A0C91BC942}") = "Redis", "Redis\Redis.vcxproj", "{47CAC8E2-7790-386C-BD6F-E8031076A5B9}"
	ProjectSection(ProjectDependencies) = postProject
		{075E7345-F58C-39C8-B0F8-FB1011DD7865} = {075E7345-F58C-39C8-B0F8-FB1011DD7865}
		{AAF762BB-F36D-3B94-A171-00807327FCE2} = {AAF762BB-F36D-3B94-A171-00807327FCE2}
	EndProjectSection
EndProject
Project("{8BC9CEB8-8B4A-11D0-8D11-00A0C91BC942}") = "Util", "Util\Util.vcxproj", "{1FB66D49-4F19-3226-A077-E5CEF4B17047}"
	ProjectSection(ProjectDependencies) = postProject
		{075E7345-F58C-39C8-B0F8-FB1011DD7865} = {075E7345-F58C-39C8-B0F8-FB1011DD7865}
		{EBC8D4D8-77E6-3472-8711-92F4B9D2134E} = {EBC8D4D8-77E6-3472-8711-92F4B9D2134E}
		{5C6613FD-F5FC-30F6-A1C7-39402EFCC280} = {5C6613FD-F5FC-30F6-A1C7-39402EFCC280}
	EndProjectSection
EndProject
Project("{8BC9CEB8-8B4A-11D0-8D11-00A0C91BC942}") = "XML", "XML\XML.vcxproj", "{5C6613FD-F5FC-30F6-A1C7-39402EFCC280}"
	ProjectSection(ProjectDependencies) = postProject
		{075E7345-F58C-39C8-B0F8-FB1011DD7865} = {075E7345-F58C-39C8-B0F8-FB1011DD7865}
	EndProjectSection
EndProject
Project("{8BC9CEB8-8B4A-11D0-8D11-00A0C91BC942}") = "Zip", "Zip\Zip.vcxproj", "{D5F39E3A-579F-3BBA-9518-4E15F91FB716}"
	ProjectSection(ProjectDependencies) = postProject
		{075E7345-F58C-39C8-B0F8-FB1011DD7865} = {075E7345-F58C-39C8-B0F8-FB1011DD7865}
		{EBC8D4D8-77E6-3472-8711-92F4B9D2134E} = {EBC8D4D8-77E6-3472-8711-92F4B9D2134E}
		{1FB66D49-4F19-3226-A077-E5CEF4B17047} = {1FB66D49-4F19-3226-A077-E5CEF4B17047}
		{5C6613FD-F5FC-30F6-A1C7-39402EFCC280} = {5C6613FD-F5FC-30F6-A1C7-39402EFCC280}
	EndProjectSection
EndProject
Global
	GlobalSection(SolutionConfigurationPlatforms) = preSolution
		Debug|x64 = Debug|x64
		Release|x64 = Release|x64
		vs2019_Debug|x64 = vs2019_Debug|x64
		vs2019_Release|x64 = vs2019_Release|x64
	EndGlobalSection
	GlobalSection(ProjectConfigurationPlatforms) = postSolution
		{643E54AE-CC8B-3DB8-A940-748D73907795}.Debug|x64.ActiveCfg = Debug|x64
		{643E54AE-CC8B-3DB8-A940-748D73907795}.Debug|x64.Build.0 = Debug|x64
		{643E54AE-CC8B-3DB8-A940-748D73907795}.Release|x64.ActiveCfg = Release|x64
		{643E54AE-CC8B-3DB8-A940-748D73907795}.Release|x64.Build.0 = Release|x64
		{643E54AE-CC8B-3DB8-A940-748D73907795}.vs2019_Debug|x64.ActiveCfg = vs2019_Debug|x64
		{643E54AE-CC8B-3DB8-A940-748D73907795}.vs2019_Debug|x64.Build.0 = vs2019_Debug|x64
		{643E54AE-CC8B-3DB8-A940-748D73907795}.vs2019_Release|x64.ActiveCfg = vs2019_Release|x64
		{643E54AE-CC8B-3DB8-A940-748D73907795}.vs2019_Release|x64.Build.0 = vs2019_Release|x64
		{51F164D0-3A78-3AF0-B74D-B4E2924497C3}.Debug|x64.ActiveCfg = Debug|x64
		{51F164D0-3A78-3AF0-B74D-B4E2924497C3}.Debug|x64.Build.0 = Debug|x64
		{51F164D0-3A78-3AF0-B74D-B4E2924497C3}.Release|x64.ActiveCfg = Release|x64
		{51F164D0-3A78-3AF0-B74D-B4E2924497C3}.Release|x64.Build.0 = Release|x64
		{51F164D0-3A78-3AF0-B74D-B4E2924497C3}.vs2019_Debug|x64.ActiveCfg = vs2019_Debug|x64
		{51F164D0-3A78-3AF0-B74D-B4E2924497C3}.vs2019_Debug|x64.Build.0 = vs2019_Debug|x64
		{51F164D0-3A78-3AF0-B74D-B4E2924497C3}.vs2019_Release|x64.ActiveCfg = vs2019_Release|x64
		{51F164D0-3A78-3AF0-B74D-B4E2924497C3}.vs2019_Release|x64.Build.0 = vs2019_Release|x64
		{7F41CB20-89CE-3C66-BAC3-681DB351102B}.Debug|x64.ActiveCfg = Debug|x64
		{7F41CB20-89CE-3C66-BAC3-681DB351102B}.Debug|x64.Build.0 = Debug|x64
		{7F41CB20-89CE-3C66-BAC3-681DB351102B}.Release|x64.ActiveCfg = Release|x64
		{7F41CB20-89CE-3C66-BAC3-681DB351102B}.Release|x64.Build.0 = Release|x64
		{7F41CB20-89CE-3C66-BAC3-681DB351102B}.vs2019_Debug|x64.ActiveCfg = vs2019_Debug|x64
		{7F41CB20-89CE-3C66-BAC3-681DB351102B}.vs2019_Debug|x64.Build.0 = vs2019_Debug|x64
		{7F41CB20-89CE-3C66-BAC3-681DB351102B}.vs2019_Release|x64.ActiveCfg = vs2019_Release|x64
		{7F41CB20-89CE-3C66-BAC3-681DB351102B}.vs2019_Release|x64.Build.0 = vs2019_Release|x64
		{CBB52FBB-7677-3C7B-9983-D5947FA4A0DE}.Debug|x64.ActiveCfg = Debug|x64
		{CBB52FBB-7677-3C7B-9983-D5947FA4A0DE}.Debug|x64.Build.0 = Debug|x64
		{CBB52FBB-7677-3C7B-9983-D5947FA4A0DE}.Release|x64.ActiveCfg = Release|x64
		{CBB52FBB-7677-3C7B-9983-D5947FA4A0DE}.Release|x64.Build.0 = Release|x64
		{CBB52FBB-7677-3C7B-9983-D5947FA4A0DE}.vs2019_Debug|x64.ActiveCfg = vs2019_Debug|x64
		{CBB52FBB-7677-3C7B-9983-D5947FA4A0DE}.vs2019_Debug|x64.Build.0 = vs2019_Debug|x64
		{CBB52FBB-7677-3C7B-9983-D5947FA4A0DE}.vs2019_Release|x64.ActiveCfg = vs2019_Release|x64
		{CBB52FBB-7677-3C7B-9983-D5947FA4A0DE}.vs2019_Release|x64.Build.0 = vs2019_Release|x64
		{C59370F0-5835-34A3-8E85-B3C5757BF0AF}.Debug|x64.ActiveCfg = Debug|x64
		{C59370F0-5835-34A3-8E85-B3C5757BF0AF}.Debug|x64.Build.0 = Debug|x64
		{C59370F0-5835-34A3-8E85-B3C5757BF0AF}.Release|x64.ActiveCfg = Release|x64
		{C59370F0-5835-34A3-8E85-B3C5757BF0AF}.Release|x64.Build.0 = Release|x64
		{C59370F0-5835-34A3-8E85-B3C5757BF0AF}.vs2019_Debug|x64.ActiveCfg = vs2019_Debug|x64
		{C59370F0-5835-34A3-8E85-B3C5757BF0AF}.vs2019_Debug|x64.Build.0 = vs2019_Debug|x64
		{C59370F0-5835-34A3-8E85-B3C5757BF0AF}.vs2019_Release|x64.ActiveCfg = vs2019_Release|x64
		{C59370F0-5835-34A3-8E85-B3C5757BF0AF}.vs2019_Release|x64.Build.0 = vs2019_Release|x64
		{AEE3F726-5CC9-3EB3-BF84-39508BC614C5}.Debug|x64.ActiveCfg = Debug|x64
		{AEE3F726-5CC9-3EB3-BF84-39508BC614C5}.Debug|x64.Build.0 = Debug|x64
		{AEE3F726-5CC9-3EB3-BF84-39508BC614C5}.Release|x64.ActiveCfg = Release|x64
		{AEE3F726-5CC9-3EB3-BF84-39508BC614C5}.Release|x64.Build.0 = Release|x64
		{AEE3F726-5CC9-3EB3-BF84-39508BC614C5}.vs2019_Debug|x64.ActiveCfg = vs2019_Debug|x64
		{AEE3F726-5CC9-3EB3-BF84-39508BC614C5}.vs2019_Debug|x64.Build.0 = vs2019_Debug|x64
		{AEE3F726-5CC9-3EB3-BF84-39508BC614C5}.vs2019_Release|x64.ActiveCfg = vs2019_Release|x64
		{AEE3F726-5CC9-3EB3-BF84-39508BC614C5}.vs2019_Release|x64.Build.0 = vs2019_Release|x64
		{075E7345-F58C-39C8-B0F8-FB1011DD7865}.Debug|x64.ActiveCfg = Debug|x64
		{075E7345-F58C-39C8-B0F8-FB1011DD7865}.Debug|x64.Build.0 = Debug|x64
		{075E7345-F58C-39C8-B0F8-FB1011DD7865}.Release|x64.ActiveCfg = Release|x64
		{075E7345-F58C-39C8-B0F8-FB1011DD7865}.Release|x64.Build.0 = Release|x64
		{075E7345-F58C-39C8-B0F8-FB1011DD7865}.vs2019_Debug|x64.ActiveCfg = vs2019_Debug|x64
		{075E7345-F58C-39C8-B0F8-FB1011DD7865}.vs2019_Debug|x64.Build.0 = vs2019_Debug|x64
		{075E7345-F58C-39C8-B0F8-FB1011DD7865}.vs2019_Release|x64.ActiveCfg = vs2019_Release|x64
		{075E7345-F58C-39C8-B0F8-FB1011DD7865}.vs2019_Release|x64.Build.0 = vs2019_Release|x64
		{EBC8D4D8-77E6-3472-8711-92F4B9D2134E}.Debug|x64.ActiveCfg = Debug|x64
		{EBC8D4D8-77E6-3472-8711-92F4B9D2134E}.Debug|x64.Build.0 = Debug|x64
		{EBC8D4D8-77E6-3472-8711-92F4B9D2134E}.Release|x64.ActiveCfg = Release|x64
		{EBC8D4D8-77E6-3472-8711-92F4B9D2134E}.Release|x64.Build.0 = Release|x64
		{EBC8D4D8-77E6-3472-8711-92F4B9D2134E}.vs2019_Debug|x64.ActiveCfg = vs2019_Debug|x64
		{EBC8D4D8-77E6-3472-8711-92F4B9D2134E}.vs2019_Debug|x64.Build.0 = vs2019_Debug|x64
		{EBC8D4D8-77E6-3472-8711-92F4B9D2134E}.vs2019_Release|x64.ActiveCfg = vs2019_Release|x64
		{EBC8D4D8-77E6-3472-8711-92F4B9D2134E}.vs2019_Release|x64.Build.0 = vs2019_Release|x64
		{A16D1EAD-AC96-3A37-AB0B-8FAF733506AD}.Debug|x64.ActiveCfg = Debug|x64
		{A16D1EAD-AC96-3A37-AB0B-8FAF733506AD}.Debug|x64.Build.0 = Debug|x64
		{A16D1EAD-AC96-3A37-AB0B-8FAF733506AD}.Release|x64.ActiveCfg = Release|x64
		{A16D1EAD-AC96-3A37-AB0B-8FAF733506AD}.Release|x64.Build.0 = Release|x64
		{A16D1EAD-AC96-3A37-AB0B-8FAF733506AD}.vs2019_Debug|x64.ActiveCfg = vs2019_Debug|x64
		{A16D1EAD-AC96-3A37-AB0B-8FAF733506AD}.vs2019_Debug|x64.Build.0 = vs2019_Debug|x64
		{A16D1EAD-AC96-3A37-AB0B-8FAF733506AD}.vs2019_Release|x64.ActiveCfg = vs2019_Release|x64
		{A16D1EAD-AC96-3A37-AB0B-8FAF733506AD}.vs2019_Release|x64.Build.0 = vs2019_Release|x64
		{6DD33B05-FD26-3412-A050-DE1F7FF634CF}.Debug|x64.ActiveCfg = Debug|x64
		{6DD33B05-FD26-3412-A050-DE1F7FF634CF}.Debug|x64.Build.0 = Debug|x64
		{6DD33B05-FD26-3412-A050-DE1F7FF634CF}.Release|x64.ActiveCfg = Release|x64
		{6DD33B05-FD26-3412-A050-DE1F7FF634CF}.Release|x64.Build.0 = Release|x64
		{6DD33B05-FD26-3412-A050-DE1F7FF634CF}.vs2019_Debug|x64.ActiveCfg = vs2019_Debug|x64
		{6DD33B05-FD26-3412-A050-DE1F7FF634CF}.vs2019_Debug|x64.Build.0 = vs2019_Debug|x64
		{6DD33B05-FD26-3412-A050-DE1F7FF634CF}.vs2019_Release|x64.ActiveCfg = vs2019_Release|x64
		{6DD33B05-FD26-3412-A050-DE1F7FF634CF}.vs2019_Release|x64.Build.0 = vs2019_Release|x64
		{AAF762BB-F36D-3B94-A171-00807327FCE2}.Debug|x64.ActiveCfg = Debug|x64
		{AAF762BB-F36D-3B94-A171-00807327FCE2}.Debug|x64.Build.0 = Debug|x64
		{AAF762BB-F36D-3B94-A171-00807327FCE2}.Release|x64.ActiveCfg = Release|x64
		{AAF762BB-F36D-3B94-A171-00807327FCE2}.Release|x64.Build.0 = Release|x64
		{AAF762BB-F36D-3B94-A171-00807327FCE2}.vs2019_Debug|x64.ActiveCfg = vs2019_Debug|x64
		{AAF762BB-F36D-3B94-A171-00807327FCE2}.vs2019_Debug|x64.Build.0 = vs2019_Debug|x64
		{AAF762BB-F36D-3B94-A171-00807327FCE2}.vs2019_Release|x64.ActiveCfg = vs2019_Release|x64
		{AAF762BB-F36D-3B94-A171-00807327FCE2}.vs2019_Release|x64.Build.0 = vs2019_Release|x64
		{8D7DA7C1-6748-3D5D-93C9-3B5BC05A87A5}.Debug|x64.ActiveCfg = Debug|x64
		{8D7DA7C1-6748-3D5D-93C9-3B5BC05A87A5}.Debug|x64.Build.0 = Debug|x64
		{8D7DA7C1-6748-3D5D-93C9-3B5BC05A87A5}.Release|x64.ActiveCfg = Release|x64
		{8D7DA7C1-6748-3D5D-93C9-3B5BC05A87A5}.Release|x64.Build.0 = Release|x64
		{8D7DA7C1-6748-3D5D-93C9-3B5BC05A87A5}.vs2019_Debug|x64.ActiveCfg = vs2019_Debug|x64
		{8D7DA7C1-6748-3D5D-93C9-3B5BC05A87A5}.vs2019_Debug|x64.Build.0 = vs2019_Debug|x64
		{8D7DA7C1-6748-3D5D-93C9-3B5BC05A87A5}.vs2019_Release|x64.ActiveCfg = vs2019_Release|x64
		{8D7DA7C1-6748-3D5D-93C9-3B5BC05A87A5}.vs2019_Release|x64.Build.0 = vs2019_Release|x64
		{7D41C9FB-6CD8-328B-BBC3-AB1A37D1E1E2}.Debug|x64.ActiveCfg = Debug|x64
		{7D41C9FB-6CD8-328B-BBC3-AB1A37D1E1E2}.Debug|x64.Build.0 = Debug|x64
		{7D41C9FB-6CD8-328B-BBC3-AB1A37D1E1E2}.Release|x64.ActiveCfg = Release|x64
		{7D41C9FB-6CD8-328B-BBC3-AB1A37D1E1E2}.Release|x64.Build.0 = Release|x64
		{7D41C9FB-6CD8-328B-BBC3-AB1A37D1E1E2}.vs2019_Debug|x64.ActiveCfg = vs2019_Debug|x64
		{7D41C9FB-6CD8-328B-BBC3-AB1A37D1E1E2}.vs2019_Debug|x64.Build.0 = vs2019_Debug|x64
		{7D41C9FB-6CD8-328B-BBC3-AB1A37D1E1E2}.vs2019_Release|x64.ActiveCfg = vs2019_Release|x64
		{7D41C9FB-6CD8-328B-BBC3-AB1A37D1E1E2}.vs2019_Release|x64.Build.0 = vs2019_Release|x64
		{47CAC8E2-7790-386C-BD6F-E8031076A5B9}.Debug|x64.ActiveCfg = Debug|x64
		{47CAC8E2-7790-386C-BD6F-E8031076A5B9}.Debug|x64.Build.0 = Debug|x64
		{47CAC8E2-7790-386C-BD6F-E8031076A5B9}.Release|x64.ActiveCfg = Release|x64
		{47CAC8E2-7790-386C-BD6F-E8031076A5B9}.Release|x64.Build.0 = Release|x64
		{47CAC8E2-7790-386C-BD6F-E8031076A5B9}.vs2019_Debug|x64.ActiveCfg = vs2019_Debug|x64
		{47CAC8E2-7790-386C-BD6F-E8031076A5B9}.vs2019_Debug|x64.Build.0 = vs2019_Debug|x64
		{47CAC8E2-7790-386C-BD6F-E8031076A5B9}.vs2019_Release|x64.ActiveCfg = vs2019_Release|x64
		{47CAC8E2-7790-386C-BD6F-E8031076A5B9}.vs2019_Release|x64.Build.0 = vs2019_Release|x64
		{1FB66D49-4F19-3226-A077-E5CEF4B17047}.Debug|x64.ActiveCfg = Debug|x64
		{1FB66D49-4F19-3226-A077-E5CEF4B17047}.Debug|x64.Build.0 = Debug|x64
		{1FB66D49-4F19-3226-A077-E5CEF4B17047}.Release|x64.ActiveCfg = Release|x64
		{1FB66D49-4F19-3226-A077-E5CEF4B17047}.Release|x64.Build.0 = Release|x64
		{1FB66D49-4F19-3226-A077-E5CEF4B17047}.vs2019_Debug|x64.ActiveCfg = vs2019_Debug|x64
		{1FB66D49-4F19-3226-A077-E5CEF4B17047}.vs2019_Debug|x64.Build.0 = vs2019_Debug|x64
		{1FB66D49-4F19-3226-A077-E5CEF4B17047}.vs2019_Release|x64.ActiveCfg = vs2019_Release|x64
		{1FB66D49-4F19-3226-A077-E5CEF4B17047}.vs2019_Release|x64.Build.0 = vs2019_Release|x64
		{5C6613FD-F5FC-30F6-A1C7-39402EFCC280}.Debug|x64.ActiveCfg = Debug|x64
		{5C6613FD-F5FC-30F6-A1C7-39402EFCC280}.Debug|x64.Build.0 = Debug|x64
		{5C6613FD-F5FC-30F6-A1C7-39402EFCC280}.Release|x64.ActiveCfg = Release|x64
		{5C6613FD-F5FC-30F6-A1C7-39402EFCC280}.Release|x64.Build.0 = Release|x64
		{5C6613FD-F5FC-30F6-A1C7-39402EFCC280}.vs2019_Debug|x64.ActiveCfg = vs2019_Debug|x64
		{5C6613FD-F5FC-30F6-A1C7-39402EFCC280}.vs2019_Debug|x64.Build.0 = vs2019_Debug|x64
		{5C6613FD-F5FC-30F6-A1C7-39402EFCC280}.vs2019_Release|x64.ActiveCfg = vs2019_Release|x64
		{5C6613FD-F5FC-30F6-A1C7-39402EFCC280}.vs2019_Release|x64.Build.0 = vs2019_Release|x64
		{D5F39E3A-579F-3BBA-9518-4E15F91FB716}.Debug|x64.ActiveCfg = Debug|x64
		{D5F39E3A-579F-3BBA-9518-4E15F91FB716}.Debug|x64.Build.0 = Debug|x64
		{D5F39E3A-579F-3BBA-9518-4E15F91FB716}.Release|x64.ActiveCfg = Release|x64
		{D5F39E3A-579F-3BBA-9518-4E15F91FB716}.Release|x64.Build.0 = Release|x64
		{D5F39E3A-579F-3BBA-9518-4E15F91FB716}.vs2019_Debug|x64.ActiveCfg = vs2019_Debug|x64
		{D5F39E3A-579F-3BBA-9518-4E15F91FB716}.vs2019_Debug|x64.Build.0 = vs2019_Debug|x64
		{D5F39E3A-579F-3BBA-9518-4E15F91FB716}.vs2019_Release|x64.ActiveCfg = vs2019_Release|x64
		{D5F39E3A-579F-3BBA-9518-4E15F91FB716}.vs2019_Release|x64.Build.0 = vs2019_Release|x64
	EndGlobalSection
	GlobalSection(SolutionProperties) = preSolution
		HideSolutionNode = FALSE
	EndGlobalSection
	GlobalSection(ExtensibilityGlobals) = postSolution
		SolutionGuid = {BE1EC6E9-FA4E-397F-8DF9-091E8EFB40CF}
	EndGlobalSection
EndGlobal
