<?xml version="1.0" encoding="utf-8"?>
<Project ToolsVersion="16.0" xmlns="http://schemas.microsoft.com/developer/msbuild/2003">
  <ItemGroup>
    <ClCompile Include="..\..\JSON\src\Array.cpp">
      <Filter>JSON\Source Files</Filter>
    </ClCompile>
    <ClCompile Include="..\..\JSON\src\Handler.cpp">
      <Filter>JSON\Source Files</Filter>
    </ClCompile>
    <ClCompile Include="..\..\JSON\src\JSONException.cpp">
      <Filter>JSON\Source Files</Filter>
    </ClCompile>
    <ClCompile Include="..\..\JSON\src\Object.cpp">
      <Filter>JSON\Source Files</Filter>
    </ClCompile>
    <ClCompile Include="..\..\JSON\src\ParseHandler.cpp">
      <Filter>JSON\Source Files</Filter>
    </ClCompile>
    <ClCompile Include="..\..\JSON\src\Parser.cpp">
      <Filter>JSON\Source Files</Filter>
    </ClCompile>
    <ClCompile Include="..\..\JSON\src\ParserImpl.cpp">
      <Filter>JSON\Source Files</Filter>
    </ClCompile>
    <ClCompile Include="..\..\JSON\src\PrintHandler.cpp">
      <Filter>JSON\Source Files</Filter>
    </ClCompile>
    <ClCompile Include="..\..\JSON\src\Query.cpp">
      <Filter>JSON\Source Files</Filter>
    </ClCompile>
    <ClCompile Include="..\..\JSON\src\Stringifier.cpp">
      <Filter>JSON\Source Files</Filter>
    </ClCompile>
    <ClCompile Include="..\..\JSON\src\Template.cpp">
      <Filter>JSON\Source Files</Filter>
    </ClCompile>
    <ClCompile Include="..\..\JSON\src\TemplateCache.cpp">
      <Filter>JSON\Source Files</Filter>
    </ClCompile>
    <ClCompile Include="..\..\JSON\src\pdjson.c">
      <Filter>pdjson\Source Files</Filter>
    </ClCompile>
  </ItemGroup>
  <ItemGroup>
    <ClInclude Include="..\..\JSON\include\Poco\JSON\Array.h">
      <Filter>JSON\Header Files</Filter>
    </ClInclude>
    <ClInclude Include="..\..\JSON\include\Poco\JSON\Handler.h">
      <Filter>JSON\Header Files</Filter>
    </ClInclude>
    <ClInclude Include="..\..\JSON\include\Poco\JSON\JSON.h">
      <Filter>JSON\Header Files</Filter>
    </ClInclude>
    <ClInclude Include="..\..\JSON\include\Poco\JSON\JSONException.h">
      <Filter>JSON\Header Files</Filter>
    </ClInclude>
    <ClInclude Include="..\..\JSON\include\Poco\JSON\Object.h">
      <Filter>JSON\Header Files</Filter>
    </ClInclude>
    <ClInclude Include="..\..\JSON\include\Poco\JSON\ParseHandler.h">
      <Filter>JSON\Header Files</Filter>
    </ClInclude>
    <ClInclude Include="..\..\JSON\include\Poco\JSON\Parser.h">
      <Filter>JSON\Header Files</Filter>
    </ClInclude>
    <ClInclude Include="..\..\JSON\include\Poco\JSON\ParserImpl.h">
      <Filter>JSON\Header Files</Filter>
    </ClInclude>
    <ClInclude Include="..\..\JSON\include\Poco\JSON\PrintHandler.h">
      <Filter>JSON\Header Files</Filter>
    </ClInclude>
    <ClInclude Include="..\..\JSON\include\Poco\JSON\Query.h">
      <Filter>JSON\Header Files</Filter>
    </ClInclude>
    <ClInclude Include="..\..\JSON\include\Poco\JSON\Stringifier.h">
      <Filter>JSON\Header Files</Filter>
    </ClInclude>
    <ClInclude Include="..\..\JSON\include\Poco\JSON\Template.h">
      <Filter>JSON\Header Files</Filter>
    </ClInclude>
    <ClInclude Include="..\..\JSON\include\Poco\JSON\TemplateCache.h">
      <Filter>JSON\Header Files</Filter>
    </ClInclude>
  </ItemGroup>
  <ItemGroup>
    <ResourceCompile Include="..\..\DLLVersion.rc">
      <Filter>Resources</Filter>
    </ResourceCompile>
  </ItemGroup>
  <ItemGroup>
    <Filter Include="JSON">
      <UniqueIdentifier>{4E7107CA-F837-3A69-9826-ECD632AE97A5}</UniqueIdentifier>
    </Filter>
    <Filter Include="JSON\Header Files">
      <UniqueIdentifier>{14BE42A1-6E8F-31B8-B3AD-7447D186C33B}</UniqueIdentifier>
    </Filter>
    <Filter Include="JSON\Source Files">
      <UniqueIdentifier>{6CBD15D5-242B-3375-A6D6-184F5EEDF22F}</UniqueIdentifier>
    </Filter>
    <Filter Include="Resources">
      <UniqueIdentifier>{43348BA6-7FF5-3841-8F56-2E76D3A4F241}</UniqueIdentifier>
    </Filter>
    <Filter Include="pdjson">
      <UniqueIdentifier>{1B7BF916-A1B7-3A63-8B0A-E45BE98D82A8}</UniqueIdentifier>
    </Filter>
    <Filter Include="pdjson\Source Files">
      <UniqueIdentifier>{7CF985B4-B811-35DD-8EC2-D437E737ACDD}</UniqueIdentifier>
    </Filter>
  </ItemGroup>
</Project>