<?xml version="1.0" encoding="utf-8"?>
<Project ToolsVersion="16.0" xmlns="http://schemas.microsoft.com/developer/msbuild/2003">
  <ItemGroup>
    <ClCompile Include="..\..\..\Data\SQLite\src\Binder.cpp">
      <Filter>SQLite\Source Files</Filter>
    </ClCompile>
    <ClCompile Include="..\..\..\Data\SQLite\src\Connector.cpp">
      <Filter>SQLite\Source Files</Filter>
    </ClCompile>
    <ClCompile Include="..\..\..\Data\SQLite\src\Extractor.cpp">
      <Filter>SQLite\Source Files</Filter>
    </ClCompile>
    <ClCompile Include="..\..\..\Data\SQLite\src\Notifier.cpp">
      <Filter>SQLite\Source Files</Filter>
    </ClCompile>
    <ClCompile Include="..\..\..\Data\SQLite\src\SQLiteException.cpp">
      <Filter>SQLite\Source Files</Filter>
    </ClCompile>
    <ClCompile Include="..\..\..\Data\SQLite\src\SQLiteStatementImpl.cpp">
      <Filter>SQLite\Source Files</Filter>
    </ClCompile>
    <ClCompile Include="..\..\..\Data\SQLite\src\SessionImpl.cpp">
      <Filter>SQLite\Source Files</Filter>
    </ClCompile>
    <ClCompile Include="..\..\..\Data\SQLite\src\Utility.cpp">
      <Filter>SQLite\Source Files</Filter>
    </ClCompile>
    <ClCompile Include="..\..\..\Data\SQLite\src\sqlite3.c">
      <Filter>sqlite3\Source Files</Filter>
    </ClCompile>
  </ItemGroup>
  <ItemGroup>
    <ClInclude Include="..\..\..\Data\SQLite\include\Poco\Data\SQLite\Binder.h">
      <Filter>SQLite\Header Files</Filter>
    </ClInclude>
    <ClInclude Include="..\..\..\Data\SQLite\include\Poco\Data\SQLite\Connector.h">
      <Filter>SQLite\Header Files</Filter>
    </ClInclude>
    <ClInclude Include="..\..\..\Data\SQLite\include\Poco\Data\SQLite\Extractor.h">
      <Filter>SQLite\Header Files</Filter>
    </ClInclude>
    <ClInclude Include="..\..\..\Data\SQLite\include\Poco\Data\SQLite\Notifier.h">
      <Filter>SQLite\Header Files</Filter>
    </ClInclude>
    <ClInclude Include="..\..\..\Data\SQLite\include\Poco\Data\SQLite\SQLite.h">
      <Filter>SQLite\Header Files</Filter>
    </ClInclude>
    <ClInclude Include="..\..\..\Data\SQLite\include\Poco\Data\SQLite\SQLiteException.h">
      <Filter>SQLite\Header Files</Filter>
    </ClInclude>
    <ClInclude Include="..\..\..\Data\SQLite\include\Poco\Data\SQLite\SQLiteStatementImpl.h">
      <Filter>SQLite\Header Files</Filter>
    </ClInclude>
    <ClInclude Include="..\..\..\Data\SQLite\include\Poco\Data\SQLite\SessionImpl.h">
      <Filter>SQLite\Header Files</Filter>
    </ClInclude>
    <ClInclude Include="..\..\..\Data\SQLite\include\Poco\Data\SQLite\Utility.h">
      <Filter>SQLite\Header Files</Filter>
    </ClInclude>
    <ClInclude Include="..\..\..\Data\SQLite\src\sqlite3.h">
      <Filter>sqlite3\Header Files</Filter>
    </ClInclude>
  </ItemGroup>
  <ItemGroup>
    <ResourceCompile Include="..\..\..\DLLVersion.rc">
      <Filter>Resources</Filter>
    </ResourceCompile>
  </ItemGroup>
  <ItemGroup>
    <Filter Include="Resources">
      <UniqueIdentifier>{43348BA6-7FF5-3841-8F56-2E76D3A4F241}</UniqueIdentifier>
    </Filter>
    <Filter Include="SQLite">
      <UniqueIdentifier>{3E54113C-8690-3F92-8D93-1D697CC23741}</UniqueIdentifier>
    </Filter>
    <Filter Include="SQLite\Header Files">
      <UniqueIdentifier>{8F0BC826-136F-3827-A433-C37690A29ACE}</UniqueIdentifier>
    </Filter>
    <Filter Include="SQLite\Source Files">
      <UniqueIdentifier>{29EBB3F6-7383-3955-9D55-3B7222DDA590}</UniqueIdentifier>
    </Filter>
    <Filter Include="sqlite3">
      <UniqueIdentifier>{967F6899-61EA-3F4B-9029-5D69954AB8DF}</UniqueIdentifier>
    </Filter>
    <Filter Include="sqlite3\Header Files">
      <UniqueIdentifier>{30221DFD-222F-30E2-B508-E4235E58ADA8}</UniqueIdentifier>
    </Filter>
    <Filter Include="sqlite3\Source Files">
      <UniqueIdentifier>{D65D7D16-F425-3EF9-9221-8AE3D74BCC75}</UniqueIdentifier>
    </Filter>
  </ItemGroup>
</Project>